
Microsoft Visual Studio Solution File, Format Version 12.00
# Visual Studio Version 17
VisualStudioVersion = 17.4.33213.308
MinimumVisualStudioVersion = 10.0.40219.1
Project("{FAE04EC0-301F-11D3-BF4B-00C04F79EFBC}") = "HelloWorld", "HelloWorld\HelloWorld.csproj", "{E6C0CCA5-B8AB-4227-93E7-53A7CC482EE2}"
EndProject
Project("{FAE04EC0-301F-11D3-BF4B-00C04F79EFBC}") = "Lab1", "Lab1\Lab1.csproj", "{4133B889-F89B-464A-87A2-A9B6A9A86075}"
EndProject
Project("{FAE04EC0-301F-11D3-BF4B-00C04F79EFBC}") = "SimpleCalculator.ConsoleApp", "SimpleCalculator.ConsoleApp\SimpleCalculator.ConsoleApp.csproj", "{12FBCDCA-AC7F-434D-8834-0CC8D4D1B1C7}"
EndProject
Project("{FAE04EC0-301F-11D3-BF4B-00C04F79EFBC}") = "SimpleCalculator.Business", "SimpleCalculator.Business\SimpleCalculator.Business.csproj", "{A32E17E7-EC2F-4018-B23F-8D529B76EA79}"
EndProject
Project("{2150E333-8FDC-42A3-9474-1A3956D46DE8}") = "SimpleCalculatorApp", "SimpleCalculatorApp", "{DDA8054B-E763-4D24-8EC2-2634264B8FD5}"
EndProject
Project("{2150E333-8FDC-42A3-9474-1A3956D46DE8}") = "PresentationLayer", "PresentationLayer", "{6F514420-668F-4FE8-80C2-EBBB10A0A19C}"
EndProject
Project("{2150E333-8FDC-42A3-9474-1A3956D46DE8}") = "BusinessLayer", "BusinessLayer", "{3D6F5AB9-36FE-4812-885C-6FBC6A022E1E}"
EndProject
Project("{FAE04EC0-301F-11D3-BF4B-00C04F79EFBC}") = "SimpleCalculator.WindowsFormsApp", "SimpleCalculator.WindowsFormsApp\SimpleCalculator.WindowsFormsApp.csproj", "{40D873CF-BC87-4F01-898C-C2753DA84E55}"
EndProject
Project("{2150E333-8FDC-42A3-9474-1A3956D46DE8}") = "StudentMarksApp", "StudentMarksApp", "{909A2F42-5D95-4ED0-B686-3E1B3272BDE1}"
EndProject
Project("{FAE04EC0-301F-11D3-BF4B-00C04F79EFBC}") = "StudentMarks.ConsoleApp", "StudentMarks.ConsoleApp\StudentMarks.ConsoleApp.csproj", "{FD1ADEE0-5383-4C03-BF65-A2BBED703E76}"
EndProject
Project("{2150E333-8FDC-42A3-9474-1A3956D46DE8}") = "BusinessLayer", "BusinessLayer", "{41388C59-B0C9-4B9C-9DB6-C1F805B23BF6}"
EndProject
Project("{2150E333-8FDC-42A3-9474-1A3956D46DE8}") = "PresentationLayer", "PresentationLayer", "{F0D21E72-4190-4EF0-8192-A0495952C4D3}"
EndProject
Project("{FAE04EC0-301F-11D3-BF4B-00C04F79EFBC}") = "StudentMarks.Business", "StudentMarks.Business\StudentMarks.Business.csproj", "{3FCD8516-3B36-4053-A5B4-3F234DED5689}"
EndProject
Project("{FAE04EC0-301F-11D3-BF4B-00C04F79EFBC}") = "NumberPuzzleApplication", "..\..\..\..\..\Training\Day 2\NumberPuzzleApplication\NumberPuzzleApplication\NumberPuzzleApplication\NumberPuzzleApplication.csproj", "{1826E7B3-E620-4497-9BCE-75E0848EF635}"
EndProject
Project("{FAE04EC0-301F-11D3-BF4B-00C04F79EFBC}") = "PLT-1", "PLT-1\PLT-1.csproj", "{8037C9CF-756D-4C38-918F-ED153CFA06C0}"
EndProject
Project("{FAE04EC0-301F-11D3-BF4B-00C04F79EFBC}") = "PLT-2", "PLT-2\PLT-2.csproj", "{837226DE-4BE7-469F-B6FB-8D50E9DD5E4E}"
EndProject
Project("{FAE04EC0-301F-11D3-BF4B-00C04F79EFBC}") = "PLT-3", "PLT-3\PLT-3.csproj", "{223EC1B5-0281-4407-958A-0A879D55FF0B}"
EndProject
Project("{FAE04EC0-301F-11D3-BF4B-00C04F79EFBC}") = "PLT-4", "PLT-4\PLT-4.csproj", "{9B7381EF-6A5C-4AA1-B8CF-FC3E4873363D}"
EndProject
Project("{FAE04EC0-301F-11D3-BF4B-00C04F79EFBC}") = "PLT-6", "PLT-6\PLT-6.csproj", "{CF62A342-DDAD-4F09-B170-99906EBC4A60}"
EndProject
Project("{FAE04EC0-301F-11D3-BF4B-00C04F79EFBC}") = "PLT-7", "PLT-7\PLT-7.csproj", "{E3A36633-1933-49D3-A10B-E2BF4B3B9570}"
EndProject
Project("{FAE04EC0-301F-11D3-BF4B-00C04F79EFBC}") = "PLT-25a", "PLT-25a\PLT-25a.csproj", "{594D707C-958D-4B82-A712-3FCD5C303C4D}"
EndProject
Project("{FAE04EC0-301F-11D3-BF4B-00C04F79EFBC}") = "PLT-30", "PLT-30\PLT-30.csproj", "{E7A03C1F-51AD-48AA-8E8C-56DC95A5421B}"
EndProject
Project("{FAE04EC0-301F-11D3-BF4B-00C04F79EFBC}") = "PLT-29", "PLT-29\PLT-29.csproj", "{839D7495-4C62-45E0-B613-85560A58A761}"
EndProject
Global
	GlobalSection(SolutionConfigurationPlatforms) = preSolution
		Debug|Any CPU = Debug|Any CPU
		Debug|x86 = Debug|x86
		Release|Any CPU = Release|Any CPU
		Release|x86 = Release|x86
	EndGlobalSection
	GlobalSection(ProjectConfigurationPlatforms) = postSolution
		{E6C0CCA5-B8AB-4227-93E7-53A7CC482EE2}.Debug|Any CPU.ActiveCfg = Debug|Any CPU
		{E6C0CCA5-B8AB-4227-93E7-53A7CC482EE2}.Debug|Any CPU.Build.0 = Debug|Any CPU
		{E6C0CCA5-B8AB-4227-93E7-53A7CC482EE2}.Debug|x86.ActiveCfg = Debug|Any CPU
		{E6C0CCA5-B8AB-4227-93E7-53A7CC482EE2}.Debug|x86.Build.0 = Debug|Any CPU
		{E6C0CCA5-B8AB-4227-93E7-53A7CC482EE2}.Release|Any CPU.ActiveCfg = Release|Any CPU
		{E6C0CCA5-B8AB-4227-93E7-53A7CC482EE2}.Release|Any CPU.Build.0 = Release|Any CPU
		{E6C0CCA5-B8AB-4227-93E7-53A7CC482EE2}.Release|x86.ActiveCfg = Release|Any CPU
		{E6C0CCA5-B8AB-4227-93E7-53A7CC482EE2}.Release|x86.Build.0 = Release|Any CPU
		{4133B889-F89B-464A-87A2-A9B6A9A86075}.Debug|Any CPU.ActiveCfg = Debug|Any CPU
		{4133B889-F89B-464A-87A2-A9B6A9A86075}.Debug|Any CPU.Build.0 = Debug|Any CPU
		{4133B889-F89B-464A-87A2-A9B6A9A86075}.Debug|x86.ActiveCfg = Debug|Any CPU
		{4133B889-F89B-464A-87A2-A9B6A9A86075}.Debug|x86.Build.0 = Debug|Any CPU
		{4133B889-F89B-464A-87A2-A9B6A9A86075}.Release|Any CPU.ActiveCfg = Release|Any CPU
		{4133B889-F89B-464A-87A2-A9B6A9A86075}.Release|Any CPU.Build.0 = Release|Any CPU
		{4133B889-F89B-464A-87A2-A9B6A9A86075}.Release|x86.ActiveCfg = Release|Any CPU
		{4133B889-F89B-464A-87A2-A9B6A9A86075}.Release|x86.Build.0 = Release|Any CPU
		{12FBCDCA-AC7F-434D-8834-0CC8D4D1B1C7}.Debug|Any CPU.ActiveCfg = Debug|Any CPU
		{12FBCDCA-AC7F-434D-8834-0CC8D4D1B1C7}.Debug|Any CPU.Build.0 = Debug|Any CPU
		{12FBCDCA-AC7F-434D-8834-0CC8D4D1B1C7}.Debug|x86.ActiveCfg = Debug|Any CPU
		{12FBCDCA-AC7F-434D-8834-0CC8D4D1B1C7}.Debug|x86.Build.0 = Debug|Any CPU
		{12FBCDCA-AC7F-434D-8834-0CC8D4D1B1C7}.Release|Any CPU.ActiveCfg = Release|Any CPU
		{12FBCDCA-AC7F-434D-8834-0CC8D4D1B1C7}.Release|Any CPU.Build.0 = Release|Any CPU
		{12FBCDCA-AC7F-434D-8834-0CC8D4D1B1C7}.Release|x86.ActiveCfg = Release|Any CPU
		{12FBCDCA-AC7F-434D-8834-0CC8D4D1B1C7}.Release|x86.Build.0 = Release|Any CPU
		{A32E17E7-EC2F-4018-B23F-8D529B76EA79}.Debug|Any CPU.ActiveCfg = Debug|Any CPU
		{A32E17E7-EC2F-4018-B23F-8D529B76EA79}.Debug|Any CPU.Build.0 = Debug|Any CPU
		{A32E17E7-EC2F-4018-B23F-8D529B76EA79}.Debug|x86.ActiveCfg = Debug|Any CPU
		{A32E17E7-EC2F-4018-B23F-8D529B76EA79}.Debug|x86.Build.0 = Debug|Any CPU
		{A32E17E7-EC2F-4018-B23F-8D529B76EA79}.Release|Any CPU.ActiveCfg = Release|Any CPU
		{A32E17E7-EC2F-4018-B23F-8D529B76EA79}.Release|Any CPU.Build.0 = Release|Any CPU
		{A32E17E7-EC2F-4018-B23F-8D529B76EA79}.Release|x86.ActiveCfg = Release|Any CPU
		{A32E17E7-EC2F-4018-B23F-8D529B76EA79}.Release|x86.Build.0 = Release|Any CPU
		{40D873CF-BC87-4F01-898C-C2753DA84E55}.Debug|Any CPU.ActiveCfg = Debug|Any CPU
		{40D873CF-BC87-4F01-898C-C2753DA84E55}.Debug|Any CPU.Build.0 = Debug|Any CPU
		{40D873CF-BC87-4F01-898C-C2753DA84E55}.Debug|x86.ActiveCfg = Debug|Any CPU
		{40D873CF-BC87-4F01-898C-C2753DA84E55}.Debug|x86.Build.0 = Debug|Any CPU
		{40D873CF-BC87-4F01-898C-C2753DA84E55}.Release|Any CPU.ActiveCfg = Release|Any CPU
		{40D873CF-BC87-4F01-898C-C2753DA84E55}.Release|Any CPU.Build.0 = Release|Any CPU
		{40D873CF-BC87-4F01-898C-C2753DA84E55}.Release|x86.ActiveCfg = Release|Any CPU
		{40D873CF-BC87-4F01-898C-C2753DA84E55}.Release|x86.Build.0 = Release|Any CPU
		{FD1ADEE0-5383-4C03-BF65-A2BBED703E76}.Debug|Any CPU.ActiveCfg = Debug|Any CPU
		{FD1ADEE0-5383-4C03-BF65-A2BBED703E76}.Debug|Any CPU.Build.0 = Debug|Any CPU
		{FD1ADEE0-5383-4C03-BF65-A2BBED703E76}.Debug|x86.ActiveCfg = Debug|Any CPU
		{FD1ADEE0-5383-4C03-BF65-A2BBED703E76}.Debug|x86.Build.0 = Debug|Any CPU
		{FD1ADEE0-5383-4C03-BF65-A2BBED703E76}.Release|Any CPU.ActiveCfg = Release|Any CPU
		{FD1ADEE0-5383-4C03-BF65-A2BBED703E76}.Release|Any CPU.Build.0 = Release|Any CPU
		{FD1ADEE0-5383-4C03-BF65-A2BBED703E76}.Release|x86.ActiveCfg = Release|Any CPU
		{FD1ADEE0-5383-4C03-BF65-A2BBED703E76}.Release|x86.Build.0 = Release|Any CPU
		{3FCD8516-3B36-4053-A5B4-3F234DED5689}.Debug|Any CPU.ActiveCfg = Debug|Any CPU
		{3FCD8516-3B36-4053-A5B4-3F234DED5689}.Debug|Any CPU.Build.0 = Debug|Any CPU
		{3FCD8516-3B36-4053-A5B4-3F234DED5689}.Debug|x86.ActiveCfg = Debug|Any CPU
		{3FCD8516-3B36-4053-A5B4-3F234DED5689}.Debug|x86.Build.0 = Debug|Any CPU
		{3FCD8516-3B36-4053-A5B4-3F234DED5689}.Release|Any CPU.ActiveCfg = Release|Any CPU
		{3FCD8516-3B36-4053-A5B4-3F234DED5689}.Release|Any CPU.Build.0 = Release|Any CPU
		{3FCD8516-3B36-4053-A5B4-3F234DED5689}.Release|x86.ActiveCfg = Release|Any CPU
		{3FCD8516-3B36-4053-A5B4-3F234DED5689}.Release|x86.Build.0 = Release|Any CPU
		{1826E7B3-E620-4497-9BCE-75E0848EF635}.Debug|Any CPU.ActiveCfg = Debug|x86
		{1826E7B3-E620-4497-9BCE-75E0848EF635}.Debug|Any CPU.Build.0 = Debug|x86
		{1826E7B3-E620-4497-9BCE-75E0848EF635}.Debug|x86.ActiveCfg = Debug|x86
		{1826E7B3-E620-4497-9BCE-75E0848EF635}.Debug|x86.Build.0 = Debug|x86
		{1826E7B3-E620-4497-9BCE-75E0848EF635}.Release|Any CPU.ActiveCfg = Release|x86
		{1826E7B3-E620-4497-9BCE-75E0848EF635}.Release|Any CPU.Build.0 = Release|x86
		{1826E7B3-E620-4497-9BCE-75E0848EF635}.Release|x86.ActiveCfg = Release|x86
		{1826E7B3-E620-4497-9BCE-75E0848EF635}.Release|x86.Build.0 = Release|x86
		{8037C9CF-756D-4C38-918F-ED153CFA06C0}.Debug|Any CPU.ActiveCfg = Debug|Any CPU
		{8037C9CF-756D-4C38-918F-ED153CFA06C0}.Debug|Any CPU.Build.0 = Debug|Any CPU
		{8037C9CF-756D-4C38-918F-ED153CFA06C0}.Debug|x86.ActiveCfg = Debug|Any CPU
		{8037C9CF-756D-4C38-918F-ED153CFA06C0}.Debug|x86.Build.0 = Debug|Any CPU
		{8037C9CF-756D-4C38-918F-ED153CFA06C0}.Release|Any CPU.ActiveCfg = Release|Any CPU
		{8037C9CF-756D-4C38-918F-ED153CFA06C0}.Release|Any CPU.Build.0 = Release|Any CPU
		{8037C9CF-756D-4C38-918F-ED153CFA06C0}.Release|x86.ActiveCfg = Release|Any CPU
		{8037C9CF-756D-4C38-918F-ED153CFA06C0}.Release|x86.Build.0 = Release|Any CPU
		{837226DE-4BE7-469F-B6FB-8D50E9DD5E4E}.Debug|Any CPU.ActiveCfg = Debug|Any CPU
		{837226DE-4BE7-469F-B6FB-8D50E9DD5E4E}.Debug|Any CPU.Build.0 = Debug|Any CPU
		{837226DE-4BE7-469F-B6FB-8D50E9DD5E4E}.Debug|x86.ActiveCfg = Debug|Any CPU
		{837226DE-4BE7-469F-B6FB-8D50E9DD5E4E}.Debug|x86.Build.0 = Debug|Any CPU
		{837226DE-4BE7-469F-B6FB-8D50E9DD5E4E}.Release|Any CPU.ActiveCfg = Release|Any CPU
		{837226DE-4BE7-469F-B6FB-8D50E9DD5E4E}.Release|Any CPU.Build.0 = Release|Any CPU
		{837226DE-4BE7-469F-B6FB-8D50E9DD5E4E}.Release|x86.ActiveCfg = Release|Any CPU
		{837226DE-4BE7-469F-B6FB-8D50E9DD5E4E}.Release|x86.Build.0 = Release|Any CPU
		{223EC1B5-0281-4407-958A-0A879D55FF0B}.Debug|Any CPU.ActiveCfg = Debug|Any CPU
		{223EC1B5-0281-4407-958A-0A879D55FF0B}.Debug|Any CPU.Build.0 = Debug|Any CPU
		{223EC1B5-0281-4407-958A-0A879D55FF0B}.Debug|x86.ActiveCfg = Debug|Any CPU
		{223EC1B5-0281-4407-958A-0A879D55FF0B}.Debug|x86.Build.0 = Debug|Any CPU
		{223EC1B5-0281-4407-958A-0A879D55FF0B}.Release|Any CPU.ActiveCfg = Release|Any CPU
		{223EC1B5-0281-4407-958A-0A879D55FF0B}.Release|Any CPU.Build.0 = Release|Any CPU
		{223EC1B5-0281-4407-958A-0A879D55FF0B}.Release|x86.ActiveCfg = Release|Any CPU
		{223EC1B5-0281-4407-958A-0A879D55FF0B}.Release|x86.Build.0 = Release|Any CPU
		{9B7381EF-6A5C-4AA1-B8CF-FC3E4873363D}.Debug|Any CPU.ActiveCfg = Debug|Any CPU
		{9B7381EF-6A5C-4AA1-B8CF-FC3E4873363D}.Debug|Any CPU.Build.0 = Debug|Any CPU
		{9B7381EF-6A5C-4AA1-B8CF-FC3E4873363D}.Debug|x86.ActiveCfg = Debug|Any CPU
		{9B7381EF-6A5C-4AA1-B8CF-FC3E4873363D}.Debug|x86.Build.0 = Debug|Any CPU
		{9B7381EF-6A5C-4AA1-B8CF-FC3E4873363D}.Release|Any CPU.ActiveCfg = Release|Any CPU
		{9B7381EF-6A5C-4AA1-B8CF-FC3E4873363D}.Release|Any CPU.Build.0 = Release|Any CPU
		{9B7381EF-6A5C-4AA1-B8CF-FC3E4873363D}.Release|x86.ActiveCfg = Release|Any CPU
		{9B7381EF-6A5C-4AA1-B8CF-FC3E4873363D}.Release|x86.Build.0 = Release|Any CPU
		{CF62A342-DDAD-4F09-B170-99906EBC4A60}.Debug|Any CPU.ActiveCfg = Debug|Any CPU
		{CF62A342-DDAD-4F09-B170-99906EBC4A60}.Debug|Any CPU.Build.0 = Debug|Any CPU
		{CF62A342-DDAD-4F09-B170-99906EBC4A60}.Debug|x86.ActiveCfg = Debug|Any CPU
		{CF62A342-DDAD-4F09-B170-99906EBC4A60}.Debug|x86.Build.0 = Debug|Any CPU
		{CF62A342-DDAD-4F09-B170-99906EBC4A60}.Release|Any CPU.ActiveCfg = Release|Any CPU
		{CF62A342-DDAD-4F09-B170-99906EBC4A60}.Release|Any CPU.Build.0 = Release|Any CPU
		{CF62A342-DDAD-4F09-B170-99906EBC4A60}.Release|x86.ActiveCfg = Release|Any CPU
		{CF62A342-DDAD-4F09-B170-99906EBC4A60}.Release|x86.Build.0 = Release|Any CPU
		{E3A36633-1933-49D3-A10B-E2BF4B3B9570}.Debug|Any CPU.ActiveCfg = Debug|Any CPU
		{E3A36633-1933-49D3-A10B-E2BF4B3B9570}.Debug|Any CPU.Build.0 = Debug|Any CPU
		{E3A36633-1933-49D3-A10B-E2BF4B3B9570}.Debug|x86.ActiveCfg = Debug|Any CPU
		{E3A36633-1933-49D3-A10B-E2BF4B3B9570}.Debug|x86.Build.0 = Debug|Any CPU
		{E3A36633-1933-49D3-A10B-E2BF4B3B9570}.Release|Any CPU.ActiveCfg = Release|Any CPU
		{E3A36633-1933-49D3-A10B-E2BF4B3B9570}.Release|Any CPU.Build.0 = Release|Any CPU
		{E3A36633-1933-49D3-A10B-E2BF4B3B9570}.Release|x86.ActiveCfg = Release|Any CPU
		{E3A36633-1933-49D3-A10B-E2BF4B3B9570}.Release|x86.Build.0 = Release|Any CPU
		{594D707C-958D-4B82-A712-3FCD5C303C4D}.Debug|Any CPU.ActiveCfg = Debug|Any CPU
		{594D707C-958D-4B82-A712-3FCD5C303C4D}.Debug|Any CPU.Build.0 = Debug|Any CPU
		{594D707C-958D-4B82-A712-3FCD5C303C4D}.Debug|x86.ActiveCfg = Debug|Any CPU
		{594D707C-958D-4B82-A712-3FCD5C303C4D}.Debug|x86.Build.0 = Debug|Any CPU
		{594D707C-958D-4B82-A712-3FCD5C303C4D}.Release|Any CPU.ActiveCfg = Release|Any CPU
		{594D707C-958D-4B82-A712-3FCD5C303C4D}.Release|Any CPU.Build.0 = Release|Any CPU
		{594D707C-958D-4B82-A712-3FCD5C303C4D}.Release|x86.ActiveCfg = Release|Any CPU
		{594D707C-958D-4B82-A712-3FCD5C303C4D}.Release|x86.Build.0 = Release|Any CPU
		{E7A03C1F-51AD-48AA-8E8C-56DC95A5421B}.Debug|Any CPU.ActiveCfg = Debug|Any CPU
		{E7A03C1F-51AD-48AA-8E8C-56DC95A5421B}.Debug|Any CPU.Build.0 = Debug|Any CPU
		{E7A03C1F-51AD-48AA-8E8C-56DC95A5421B}.Debug|x86.ActiveCfg = Debug|Any CPU
		{E7A03C1F-51AD-48AA-8E8C-56DC95A5421B}.Debug|x86.Build.0 = Debug|Any CPU
		{E7A03C1F-51AD-48AA-8E8C-56DC95A5421B}.Release|Any CPU.ActiveCfg = Release|Any CPU
		{E7A03C1F-51AD-48AA-8E8C-56DC95A5421B}.Release|Any CPU.Build.0 = Release|Any CPU
		{E7A03C1F-51AD-48AA-8E8C-56DC95A5421B}.Release|x86.ActiveCfg = Release|Any CPU
		{E7A03C1F-51AD-48AA-8E8C-56DC95A5421B}.Release|x86.Build.0 = Release|Any CPU
		{839D7495-4C62-45E0-B613-85560A58A761}.Debug|Any CPU.ActiveCfg = Debug|Any CPU
		{839D7495-4C62-45E0-B613-85560A58A761}.Debug|Any CPU.Build.0 = Debug|Any CPU
		{839D7495-4C62-45E0-B613-85560A58A761}.Debug|x86.ActiveCfg = Debug|Any CPU
		{839D7495-4C62-45E0-B613-85560A58A761}.Debug|x86.Build.0 = Debug|Any CPU
		{839D7495-4C62-45E0-B613-85560A58A761}.Release|Any CPU.ActiveCfg = Release|Any CPU
		{839D7495-4C62-45E0-B613-85560A58A761}.Release|Any CPU.Build.0 = Release|Any CPU
		{839D7495-4C62-45E0-B613-85560A58A761}.Release|x86.ActiveCfg = Release|Any CPU
		{839D7495-4C62-45E0-B613-85560A58A761}.Release|x86.Build.0 = Release|Any CPU
	EndGlobalSection
	GlobalSection(SolutionProperties) = preSolution
		HideSolutionNode = FALSE
	EndGlobalSection
	GlobalSection(NestedProjects) = preSolution
		{12FBCDCA-AC7F-434D-8834-0CC8D4D1B1C7} = {6F514420-668F-4FE8-80C2-EBBB10A0A19C}
		{A32E17E7-EC2F-4018-B23F-8D529B76EA79} = {3D6F5AB9-36FE-4812-885C-6FBC6A022E1E}
		{6F514420-668F-4FE8-80C2-EBBB10A0A19C} = {DDA8054B-E763-4D24-8EC2-2634264B8FD5}
		{3D6F5AB9-36FE-4812-885C-6FBC6A022E1E} = {DDA8054B-E763-4D24-8EC2-2634264B8FD5}
		{40D873CF-BC87-4F01-898C-C2753DA84E55} = {6F514420-668F-4FE8-80C2-EBBB10A0A19C}
		{FD1ADEE0-5383-4C03-BF65-A2BBED703E76} = {F0D21E72-4190-4EF0-8192-A0495952C4D3}
		{41388C59-B0C9-4B9C-9DB6-C1F805B23BF6} = {909A2F42-5D95-4ED0-B686-3E1B3272BDE1}
		{F0D21E72-4190-4EF0-8192-A0495952C4D3} = {909A2F42-5D95-4ED0-B686-3E1B3272BDE1}
		{3FCD8516-3B36-4053-A5B4-3F234DED5689} = {41388C59-B0C9-4B9C-9DB6-C1F805B23BF6}
	EndGlobalSection
	GlobalSection(ExtensibilityGlobals) = postSolution
		SolutionGuid = {05959226-3BF2-46BD-9D91-7ACB1B24FBF7}
	EndGlobalSection
EndGlobal
