
Microsoft Visual Studio Solution File, Format Version 12.00
# Visual Studio Version 17
VisualStudioVersion = 17.4.33213.308
MinimumVisualStudioVersion = 10.0.40219.1
Project("{FAE04EC0-301F-11D3-BF4B-00C04F79EFBC}") = "HelloWorld", "HelloWorld\HelloWorld.csproj", "{E6C0CCA5-B8AB-4227-93E7-53A7CC482EE2}"
EndProject
Project("{FAE04EC0-301F-11D3-BF4B-00C04F79EFBC}") = "PLT-17", "Lab1\PLT-17.csproj", "{4133B889-F89B-464A-87A2-A9B6A9A86075}"
EndProject
Project("{FAE04EC0-301F-11D3-BF4B-00C04F79EFBC}") = "SimpleCalculator.ConsoleApp", "SimpleCalculator.ConsoleApp\SimpleCalculator.ConsoleApp.csproj", "{12FBCDCA-AC7F-434D-8834-0CC8D4D1B1C7}"
EndProject
Project("{FAE04EC0-301F-11D3-BF4B-00C04F79EFBC}") = "SimpleCalculator.Business", "SimpleCalculator.Business\SimpleCalculator.Business.csproj", "{A32E17E7-EC2F-4018-B23F-8D529B76EA79}"
EndProject
Project("{2150E333-8FDC-42A3-9474-1A3956D46DE8}") = "SimpleCalculatorApp", "SimpleCalculatorApp", "{DDA8054B-E763-4D24-8EC2-2634264B8FD5}"
EndProject
Project("{2150E333-8FDC-42A3-9474-1A3956D46DE8}") = "PresentationLayer", "PresentationLayer", "{6F514420-668F-4FE8-80C2-EBBB10A0A19C}"
EndProject
Project("{2150E333-8FDC-42A3-9474-1A3956D46DE8}") = "BusinessLayer", "BusinessLayer", "{3D6F5AB9-36FE-4812-885C-6FBC6A022E1E}"
EndProject
Project("{FAE04EC0-301F-11D3-BF4B-00C04F79EFBC}") = "SimpleCalculator.WindowsFormsApp", "SimpleCalculator.WindowsFormsApp\SimpleCalculator.WindowsFormsApp.csproj", "{40D873CF-BC87-4F01-898C-C2753DA84E55}"
EndProject
Project("{2150E333-8FDC-42A3-9474-1A3956D46DE8}") = "PLT-5 StudentMarksApp", "PLT-5 StudentMarksApp", "{909A2F42-5D95-4ED0-B686-3E1B3272BDE1}"
EndProject
Project("{FAE04EC0-301F-11D3-BF4B-00C04F79EFBC}") = "StudentMarks.ConsoleApp", "StudentMarks.ConsoleApp\StudentMarks.ConsoleApp.csproj", "{FD1ADEE0-5383-4C03-BF65-A2BBED703E76}"
EndProject
Project("{2150E333-8FDC-42A3-9474-1A3956D46DE8}") = "BusinessLayer", "BusinessLayer", "{41388C59-B0C9-4B9C-9DB6-C1F805B23BF6}"
EndProject
Project("{2150E333-8FDC-42A3-9474-1A3956D46DE8}") = "PresentationLayer", "PresentationLayer", "{F0D21E72-4190-4EF0-8192-A0495952C4D3}"
EndProject
Project("{FAE04EC0-301F-11D3-BF4B-00C04F79EFBC}") = "StudentMarks.Business", "StudentMarks.Business\StudentMarks.Business.csproj", "{3FCD8516-3B36-4053-A5B4-3F234DED5689}"
EndProject
Project("{FAE04EC0-301F-11D3-BF4B-00C04F79EFBC}") = "NumberPuzzleApplication", "..\..\..\..\..\Training\Day 2\NumberPuzzleApplication\NumberPuzzleApplication\NumberPuzzleApplication\NumberPuzzleApplication.csproj", "{1826E7B3-E620-4497-9BCE-75E0848EF635}"
EndProject
Project("{FAE04EC0-301F-11D3-BF4B-00C04F79EFBC}") = "PLT-1", "PLT-1\PLT-1.csproj", "{8037C9CF-756D-4C38-918F-ED153CFA06C0}"
EndProject
Project("{FAE04EC0-301F-11D3-BF4B-00C04F79EFBC}") = "PLT-2", "PLT-2\PLT-2.csproj", "{837226DE-4BE7-469F-B6FB-8D50E9DD5E4E}"
EndProject
Project("{FAE04EC0-301F-11D3-BF4B-00C04F79EFBC}") = "PLT-3", "PLT-3\PLT-3.csproj", "{223EC1B5-0281-4407-958A-0A879D55FF0B}"
EndProject
Project("{FAE04EC0-301F-11D3-BF4B-00C04F79EFBC}") = "PLT-4", "PLT-4\PLT-4.csproj", "{9B7381EF-6A5C-4AA1-B8CF-FC3E4873363D}"
EndProject
Project("{FAE04EC0-301F-11D3-BF4B-00C04F79EFBC}") = "PLT-6", "PLT-6\PLT-6.csproj", "{CF62A342-DDAD-4F09-B170-99906EBC4A60}"
EndProject
Project("{FAE04EC0-301F-11D3-BF4B-00C04F79EFBC}") = "PLT-7", "PLT-7\PLT-7.csproj", "{E3A36633-1933-49D3-A10B-E2BF4B3B9570}"
EndProject
Project("{FAE04EC0-301F-11D3-BF4B-00C04F79EFBC}") = "PLT-25", "PLT-25a\PLT-25.csproj", "{594D707C-958D-4B82-A712-3FCD5C303C4D}"
EndProject
Project("{FAE04EC0-301F-11D3-BF4B-00C04F79EFBC}") = "PLT-30", "PLT-30\PLT-30.csproj", "{E7A03C1F-51AD-48AA-8E8C-56DC95A5421B}"
EndProject
Project("{FAE04EC0-301F-11D3-BF4B-00C04F79EFBC}") = "PLT-29", "PLT-29\PLT-29.csproj", "{839D7495-4C62-45E0-B613-85560A58A761}"
EndProject
Project("{FAE04EC0-301F-11D3-BF4B-00C04F79EFBC}") = "PLT-9", "PLT-9\PLT-9.csproj", "{996B30B7-7490-40A8-862A-5CF70EE2AD8E}"
EndProject
Project("{FAE04EC0-301F-11D3-BF4B-00C04F79EFBC}") = "MergeSort", "MergeSort\MergeSort.csproj", "{460BF384-133F-4286-8175-F8DB6436B8C5}"
EndProject
Project("{FAE04EC0-301F-11D3-BF4B-00C04F79EFBC}") = "PLT-8", "PLT-8\PLT-8.csproj", "{519DC19D-62C8-4175-A8E3-BD675F287FDA}"
EndProject
Project("{FAE04EC0-301F-11D3-BF4B-00C04F79EFBC}") = "PLT-10", "PLT-10\PLT-10.csproj", "{9555D298-AD69-4E20-B8C3-CD5AA61A743E}"
EndProject
Project("{FAE04EC0-301F-11D3-BF4B-00C04F79EFBC}") = "PLT-11", "PLT-11\PLT-11.csproj", "{FD03FA02-1679-4EBB-BF9B-9676A647635B}"
EndProject
Project("{FAE04EC0-301F-11D3-BF4B-00C04F79EFBC}") = "PLT-28", "PLT-28\PLT-28.csproj", "{5E601558-48ED-4456-86B3-6CDA353B748B}"
EndProject
Project("{FAE04EC0-301F-11D3-BF4B-00C04F79EFBC}") = "PLT-27", "PLT-27\PLT-27.csproj", "{A3AC27A9-E469-4A3A-A31D-5003DF7A29E2}"
EndProject
Project("{FAE04EC0-301F-11D3-BF4B-00C04F79EFBC}") = "PLT-26", "PLT-26\PLT-26.csproj", "{7154079D-3B17-4078-8A53-AE49F82B2C78}"
EndProject
Project("{FAE04EC0-301F-11D3-BF4B-00C04F79EFBC}") = "PLT-22", "PLT-22\PLT-22.csproj", "{BC98DF72-15DE-443B-A34C-287B3A3322A2}"
EndProject
Project("{FAE04EC0-301F-11D3-BF4B-00C04F79EFBC}") = "PLT-21", "PLT-21\PLT-21.csproj", "{FE59CFE3-211B-4B37-945D-E925797E8287}"
EndProject
Project("{FAE04EC0-301F-11D3-BF4B-00C04F79EFBC}") = "PLT-20", "PLT-20\PLT-20.csproj", "{92640F57-6CC5-4C9B-B96E-B024854F96C5}"
EndProject
Project("{FAE04EC0-301F-11D3-BF4B-00C04F79EFBC}") = "PLT-13", "PLT-13\PLT-13.csproj", "{61364491-0AAB-4506-9F3C-3DE8DE6221F5}"
EndProject
Project("{FAE04EC0-301F-11D3-BF4B-00C04F79EFBC}") = "PLT-14", "PLT-14\PLT-14.csproj", "{8EA57B33-380C-41CB-8F51-2C9067B997CF}"
EndProject
Project("{FAE04EC0-301F-11D3-BF4B-00C04F79EFBC}") = "PLT-15", "PLT-15\PLT-15.csproj", "{231C596D-BFCE-4AC2-B5C3-E826928D6F48}"
EndProject
Project("{FAE04EC0-301F-11D3-BF4B-00C04F79EFBC}") = "PLT-16", "PLT-16\PLT-16.csproj", "{185C6394-3315-4920-B2F2-42B58A71234A}"
EndProject
Project("{FAE04EC0-301F-11D3-BF4B-00C04F79EFBC}") = "PLT-18", "PLT-18\PLT-18.csproj", "{72AEEB8E-C199-48B4-BA16-5C70FA5B5977}"
EndProject
Project("{FAE04EC0-301F-11D3-BF4B-00C04F79EFBC}") = "OOCode1", "OOCode1\OOCode1.csproj", "{2683350D-4092-43F7-A6EB-C0F9B57B3386}"
EndProject
Project("{FAE04EC0-301F-11D3-BF4B-00C04F79EFBC}") = "OOCode2", "OOCode2\OOCode2.csproj", "{AB44B1C0-C78B-41B7-90D6-FA103778C3F5}"
EndProject
Project("{2150E333-8FDC-42A3-9474-1A3956D46DE8}") = "OO Code", "OO Code", "{84846264-73D0-40B2-83ED-48FB73DD13A7}"
EndProject
Project("{FAE04EC0-301F-11D3-BF4B-00C04F79EFBC}") = "TrainerTraineeApp", "TrainerTraineeApp\TrainerTraineeApp.csproj", "{BCA4D127-81C0-49C5-8906-1031DD5D2BE9}"
EndProject
Project("{FAE04EC0-301F-11D3-BF4B-00C04F79EFBC}") = "CompanyOrder", "CompanyOrder\CompanyOrder.csproj", "{716086EB-3056-4F09-A6DA-9BA6909FBA43}"
EndProject
Project("{2150E333-8FDC-42A3-9474-1A3956D46DE8}") = "PLT", "PLT", "{2DA48369-C94E-40A6-AC9D-0697930A08FB}"
EndProject
Project("{2150E333-8FDC-42A3-9474-1A3956D46DE8}") = "NewFolder1", "NewFolder1", "{6E0E2273-6A42-4BF1-99F8-F79011705008}"
EndProject
Project("{2150E333-8FDC-42A3-9474-1A3956D46DE8}") = "TIO Lab", "TIO Lab", "{1A8156C7-93FC-45ED-8A8C-DF54B285AED5}"
EndProject
Project("{FAE04EC0-301F-11D3-BF4B-00C04F79EFBC}") = "Lab1", "..\..\..\..\..\Training\Day 6\OO LABS to Participants\Lab1\Lab1\Lab1.csproj", "{1BB9F581-B7B7-4300-BEB4-AD265E1DB9D1}"
EndProject
Project("{FAE04EC0-301F-11D3-BF4B-00C04F79EFBC}") = "Lab2", "..\..\..\..\..\Training\Day 6\OO LABS to Participants\Lab2\Lab2\Lab2.csproj", "{4F1FA18A-7461-454E-B951-2640E81DB5B8}"
EndProject
Project("{FAE04EC0-301F-11D3-BF4B-00C04F79EFBC}") = "Lab3", "..\..\..\..\..\Training\Day 6\OO LABS to Participants\Lab3\Lab3\Lab3.csproj", "{1B7A403D-FCA7-413D-9B06-228BBCE7B5AD}"
EndProject
Project("{FAE04EC0-301F-11D3-BF4B-00C04F79EFBC}") = "Lab4", "..\..\..\..\..\Training\Day 6\OO LABS to Participants\Lab4\Lab4\Lab4.csproj", "{9A9BFD67-0F8A-4501-B392-0E640E982D60}"
EndProject
Project("{FAE04EC0-301F-11D3-BF4B-00C04F79EFBC}") = "Lab5", "..\..\..\..\..\Training\Day 6\OO LABS to Participants\Lab5\Lab5\Lab5.csproj", "{96A48620-7E5E-45D3-BFB8-1AC14CF87687}"
EndProject
Project("{FAE04EC0-301F-11D3-BF4B-00C04F79EFBC}") = "Lab6", "..\..\..\..\..\Training\Day 6\OO LABS to Participants\Lab6\Lab6\Lab6.csproj", "{5620A8E8-6B5B-4FDE-B6F5-C0000BA76D66}"
EndProject
Project("{FAE04EC0-301F-11D3-BF4B-00C04F79EFBC}") = "Lab7", "..\..\..\..\..\Training\Day 6\OO LABS to Participants\Lab7\Lab7\Lab7.csproj", "{31F31E7C-92AA-4E6D-BD94-8DC921676AAA}"
EndProject
Project("{FAE04EC0-301F-11D3-BF4B-00C04F79EFBC}") = "Lab8", "..\..\..\..\..\Training\Day 6\OO LABS to Participants\Lab8\Lab8\Lab8.csproj", "{48285229-F3B5-42F6-A34B-29B57188ADE8}"
EndProject
Project("{FAE04EC0-301F-11D3-BF4B-00C04F79EFBC}") = "Lab9", "..\..\..\..\..\Training\Day 6\OO LABS to Participants\Lab9\Lab9\Lab9.csproj", "{5F7024A1-3E24-4413-B383-2EF0FD0C6D87}"
EndProject
Project("{FAE04EC0-301F-11D3-BF4B-00C04F79EFBC}") = "LabT10", "..\..\..\..\..\Training\Day 6\OO LABS to Participants\LabT10\LabT10\LabT10.csproj", "{4D02C062-F33E-4363-B2EA-66EBAE19FEB1}"
EndProject
Project("{FAE04EC0-301F-11D3-BF4B-00C04F79EFBC}") = "LabT11", "..\..\..\..\..\Training\Day 6\OO LABS to Participants\LabT11\LabT11\LabT11.csproj", "{22AE2C67-2337-484E-826D-305735FC8230}"
EndProject
Project("{FAE04EC0-301F-11D3-BF4B-00C04F79EFBC}") = "Company", "Company\Company.csproj", "{FA11DDAE-B292-46A8-849F-FF536A83BC56}"
EndProject
Project("{FAE04EC0-301F-11D3-BF4B-00C04F79EFBC}") = "PLT-12", "PLT-12\PLT-12.csproj", "{E4159C12-EED0-4926-9A11-C0CFFAA4A81A}"
EndProject
Project("{FAE04EC0-301F-11D3-BF4B-00C04F79EFBC}") = "OODemo2", "OODemo2\OODemo2.csproj", "{84DA5EE7-FA56-4AAF-AB1A-31EB850355AA}"
EndProject
Project("{FAE04EC0-301F-11D3-BF4B-00C04F79EFBC}") = "IDEProblem", "IDEProblem\IDEProblem.csproj", "{2ACD46FD-1BFB-48E4-BDCB-E5798EE51669}"
EndProject
Project("{FAE04EC0-301F-11D3-BF4B-00C04F79EFBC}") = "OODemo3", "OODemo3\OODemo3.csproj", "{93737EA0-6D51-4648-807D-8EDAEE502FDA}"
EndProject
Project("{FAE04EC0-301F-11D3-BF4B-00C04F79EFBC}") = "OutstandingPersons", "OutstandingPersons\OutstandingPersons.csproj", "{A0377B20-9C9C-4A3B-AE23-3D15FBA8C1CA}"
EndProject
Global
	GlobalSection(SolutionConfigurationPlatforms) = preSolution
		Debug|Any CPU = Debug|Any CPU
		Debug|x86 = Debug|x86
		Release|Any CPU = Release|Any CPU
		Release|x86 = Release|x86
	EndGlobalSection
	GlobalSection(ProjectConfigurationPlatforms) = postSolution
		{E6C0CCA5-B8AB-4227-93E7-53A7CC482EE2}.Debug|Any CPU.ActiveCfg = Debug|Any CPU
		{E6C0CCA5-B8AB-4227-93E7-53A7CC482EE2}.Debug|Any CPU.Build.0 = Debug|Any CPU
		{E6C0CCA5-B8AB-4227-93E7-53A7CC482EE2}.Debug|x86.ActiveCfg = Debug|Any CPU
		{E6C0CCA5-B8AB-4227-93E7-53A7CC482EE2}.Debug|x86.Build.0 = Debug|Any CPU
		{E6C0CCA5-B8AB-4227-93E7-53A7CC482EE2}.Release|Any CPU.ActiveCfg = Release|Any CPU
		{E6C0CCA5-B8AB-4227-93E7-53A7CC482EE2}.Release|Any CPU.Build.0 = Release|Any CPU
		{E6C0CCA5-B8AB-4227-93E7-53A7CC482EE2}.Release|x86.ActiveCfg = Release|Any CPU
		{E6C0CCA5-B8AB-4227-93E7-53A7CC482EE2}.Release|x86.Build.0 = Release|Any CPU
		{4133B889-F89B-464A-87A2-A9B6A9A86075}.Debug|Any CPU.ActiveCfg = Debug|Any CPU
		{4133B889-F89B-464A-87A2-A9B6A9A86075}.Debug|Any CPU.Build.0 = Debug|Any CPU
		{4133B889-F89B-464A-87A2-A9B6A9A86075}.Debug|x86.ActiveCfg = Debug|Any CPU
		{4133B889-F89B-464A-87A2-A9B6A9A86075}.Debug|x86.Build.0 = Debug|Any CPU
		{4133B889-F89B-464A-87A2-A9B6A9A86075}.Release|Any CPU.ActiveCfg = Release|Any CPU
		{4133B889-F89B-464A-87A2-A9B6A9A86075}.Release|Any CPU.Build.0 = Release|Any CPU
		{4133B889-F89B-464A-87A2-A9B6A9A86075}.Release|x86.ActiveCfg = Release|Any CPU
		{4133B889-F89B-464A-87A2-A9B6A9A86075}.Release|x86.Build.0 = Release|Any CPU
		{12FBCDCA-AC7F-434D-8834-0CC8D4D1B1C7}.Debug|Any CPU.ActiveCfg = Debug|Any CPU
		{12FBCDCA-AC7F-434D-8834-0CC8D4D1B1C7}.Debug|Any CPU.Build.0 = Debug|Any CPU
		{12FBCDCA-AC7F-434D-8834-0CC8D4D1B1C7}.Debug|x86.ActiveCfg = Debug|Any CPU
		{12FBCDCA-AC7F-434D-8834-0CC8D4D1B1C7}.Debug|x86.Build.0 = Debug|Any CPU
		{12FBCDCA-AC7F-434D-8834-0CC8D4D1B1C7}.Release|Any CPU.ActiveCfg = Release|Any CPU
		{12FBCDCA-AC7F-434D-8834-0CC8D4D1B1C7}.Release|Any CPU.Build.0 = Release|Any CPU
		{12FBCDCA-AC7F-434D-8834-0CC8D4D1B1C7}.Release|x86.ActiveCfg = Release|Any CPU
		{12FBCDCA-AC7F-434D-8834-0CC8D4D1B1C7}.Release|x86.Build.0 = Release|Any CPU
		{A32E17E7-EC2F-4018-B23F-8D529B76EA79}.Debug|Any CPU.ActiveCfg = Debug|Any CPU
		{A32E17E7-EC2F-4018-B23F-8D529B76EA79}.Debug|Any CPU.Build.0 = Debug|Any CPU
		{A32E17E7-EC2F-4018-B23F-8D529B76EA79}.Debug|x86.ActiveCfg = Debug|Any CPU
		{A32E17E7-EC2F-4018-B23F-8D529B76EA79}.Debug|x86.Build.0 = Debug|Any CPU
		{A32E17E7-EC2F-4018-B23F-8D529B76EA79}.Release|Any CPU.ActiveCfg = Release|Any CPU
		{A32E17E7-EC2F-4018-B23F-8D529B76EA79}.Release|Any CPU.Build.0 = Release|Any CPU
		{A32E17E7-EC2F-4018-B23F-8D529B76EA79}.Release|x86.ActiveCfg = Release|Any CPU
		{A32E17E7-EC2F-4018-B23F-8D529B76EA79}.Release|x86.Build.0 = Release|Any CPU
		{40D873CF-BC87-4F01-898C-C2753DA84E55}.Debug|Any CPU.ActiveCfg = Debug|Any CPU
		{40D873CF-BC87-4F01-898C-C2753DA84E55}.Debug|Any CPU.Build.0 = Debug|Any CPU
		{40D873CF-BC87-4F01-898C-C2753DA84E55}.Debug|x86.ActiveCfg = Debug|Any CPU
		{40D873CF-BC87-4F01-898C-C2753DA84E55}.Debug|x86.Build.0 = Debug|Any CPU
		{40D873CF-BC87-4F01-898C-C2753DA84E55}.Release|Any CPU.ActiveCfg = Release|Any CPU
		{40D873CF-BC87-4F01-898C-C2753DA84E55}.Release|Any CPU.Build.0 = Release|Any CPU
		{40D873CF-BC87-4F01-898C-C2753DA84E55}.Release|x86.ActiveCfg = Release|Any CPU
		{40D873CF-BC87-4F01-898C-C2753DA84E55}.Release|x86.Build.0 = Release|Any CPU
		{FD1ADEE0-5383-4C03-BF65-A2BBED703E76}.Debug|Any CPU.ActiveCfg = Debug|Any CPU
		{FD1ADEE0-5383-4C03-BF65-A2BBED703E76}.Debug|Any CPU.Build.0 = Debug|Any CPU
		{FD1ADEE0-5383-4C03-BF65-A2BBED703E76}.Debug|x86.ActiveCfg = Debug|Any CPU
		{FD1ADEE0-5383-4C03-BF65-A2BBED703E76}.Debug|x86.Build.0 = Debug|Any CPU
		{FD1ADEE0-5383-4C03-BF65-A2BBED703E76}.Release|Any CPU.ActiveCfg = Release|Any CPU
		{FD1ADEE0-5383-4C03-BF65-A2BBED703E76}.Release|Any CPU.Build.0 = Release|Any CPU
		{FD1ADEE0-5383-4C03-BF65-A2BBED703E76}.Release|x86.ActiveCfg = Release|Any CPU
		{FD1ADEE0-5383-4C03-BF65-A2BBED703E76}.Release|x86.Build.0 = Release|Any CPU
		{3FCD8516-3B36-4053-A5B4-3F234DED5689}.Debug|Any CPU.ActiveCfg = Debug|Any CPU
		{3FCD8516-3B36-4053-A5B4-3F234DED5689}.Debug|Any CPU.Build.0 = Debug|Any CPU
		{3FCD8516-3B36-4053-A5B4-3F234DED5689}.Debug|x86.ActiveCfg = Debug|Any CPU
		{3FCD8516-3B36-4053-A5B4-3F234DED5689}.Debug|x86.Build.0 = Debug|Any CPU
		{3FCD8516-3B36-4053-A5B4-3F234DED5689}.Release|Any CPU.ActiveCfg = Release|Any CPU
		{3FCD8516-3B36-4053-A5B4-3F234DED5689}.Release|Any CPU.Build.0 = Release|Any CPU
		{3FCD8516-3B36-4053-A5B4-3F234DED5689}.Release|x86.ActiveCfg = Release|Any CPU
		{3FCD8516-3B36-4053-A5B4-3F234DED5689}.Release|x86.Build.0 = Release|Any CPU
		{1826E7B3-E620-4497-9BCE-75E0848EF635}.Debug|Any CPU.ActiveCfg = Debug|x86
		{1826E7B3-E620-4497-9BCE-75E0848EF635}.Debug|Any CPU.Build.0 = Debug|x86
		{1826E7B3-E620-4497-9BCE-75E0848EF635}.Debug|x86.ActiveCfg = Debug|x86
		{1826E7B3-E620-4497-9BCE-75E0848EF635}.Debug|x86.Build.0 = Debug|x86
		{1826E7B3-E620-4497-9BCE-75E0848EF635}.Release|Any CPU.ActiveCfg = Release|x86
		{1826E7B3-E620-4497-9BCE-75E0848EF635}.Release|Any CPU.Build.0 = Release|x86
		{1826E7B3-E620-4497-9BCE-75E0848EF635}.Release|x86.ActiveCfg = Release|x86
		{1826E7B3-E620-4497-9BCE-75E0848EF635}.Release|x86.Build.0 = Release|x86
		{8037C9CF-756D-4C38-918F-ED153CFA06C0}.Debug|Any CPU.ActiveCfg = Debug|Any CPU
		{8037C9CF-756D-4C38-918F-ED153CFA06C0}.Debug|Any CPU.Build.0 = Debug|Any CPU
		{8037C9CF-756D-4C38-918F-ED153CFA06C0}.Debug|x86.ActiveCfg = Debug|Any CPU
		{8037C9CF-756D-4C38-918F-ED153CFA06C0}.Debug|x86.Build.0 = Debug|Any CPU
		{8037C9CF-756D-4C38-918F-ED153CFA06C0}.Release|Any CPU.ActiveCfg = Release|Any CPU
		{8037C9CF-756D-4C38-918F-ED153CFA06C0}.Release|Any CPU.Build.0 = Release|Any CPU
		{8037C9CF-756D-4C38-918F-ED153CFA06C0}.Release|x86.ActiveCfg = Release|Any CPU
		{8037C9CF-756D-4C38-918F-ED153CFA06C0}.Release|x86.Build.0 = Release|Any CPU
		{837226DE-4BE7-469F-B6FB-8D50E9DD5E4E}.Debug|Any CPU.ActiveCfg = Debug|Any CPU
		{837226DE-4BE7-469F-B6FB-8D50E9DD5E4E}.Debug|Any CPU.Build.0 = Debug|Any CPU
		{837226DE-4BE7-469F-B6FB-8D50E9DD5E4E}.Debug|x86.ActiveCfg = Debug|Any CPU
		{837226DE-4BE7-469F-B6FB-8D50E9DD5E4E}.Debug|x86.Build.0 = Debug|Any CPU
		{837226DE-4BE7-469F-B6FB-8D50E9DD5E4E}.Release|Any CPU.ActiveCfg = Release|Any CPU
		{837226DE-4BE7-469F-B6FB-8D50E9DD5E4E}.Release|Any CPU.Build.0 = Release|Any CPU
		{837226DE-4BE7-469F-B6FB-8D50E9DD5E4E}.Release|x86.ActiveCfg = Release|Any CPU
		{837226DE-4BE7-469F-B6FB-8D50E9DD5E4E}.Release|x86.Build.0 = Release|Any CPU
		{223EC1B5-0281-4407-958A-0A879D55FF0B}.Debug|Any CPU.ActiveCfg = Debug|Any CPU
		{223EC1B5-0281-4407-958A-0A879D55FF0B}.Debug|Any CPU.Build.0 = Debug|Any CPU
		{223EC1B5-0281-4407-958A-0A879D55FF0B}.Debug|x86.ActiveCfg = Debug|Any CPU
		{223EC1B5-0281-4407-958A-0A879D55FF0B}.Debug|x86.Build.0 = Debug|Any CPU
		{223EC1B5-0281-4407-958A-0A879D55FF0B}.Release|Any CPU.ActiveCfg = Release|Any CPU
		{223EC1B5-0281-4407-958A-0A879D55FF0B}.Release|Any CPU.Build.0 = Release|Any CPU
		{223EC1B5-0281-4407-958A-0A879D55FF0B}.Release|x86.ActiveCfg = Release|Any CPU
		{223EC1B5-0281-4407-958A-0A879D55FF0B}.Release|x86.Build.0 = Release|Any CPU
		{9B7381EF-6A5C-4AA1-B8CF-FC3E4873363D}.Debug|Any CPU.ActiveCfg = Debug|Any CPU
		{9B7381EF-6A5C-4AA1-B8CF-FC3E4873363D}.Debug|Any CPU.Build.0 = Debug|Any CPU
		{9B7381EF-6A5C-4AA1-B8CF-FC3E4873363D}.Debug|x86.ActiveCfg = Debug|Any CPU
		{9B7381EF-6A5C-4AA1-B8CF-FC3E4873363D}.Debug|x86.Build.0 = Debug|Any CPU
		{9B7381EF-6A5C-4AA1-B8CF-FC3E4873363D}.Release|Any CPU.ActiveCfg = Release|Any CPU
		{9B7381EF-6A5C-4AA1-B8CF-FC3E4873363D}.Release|Any CPU.Build.0 = Release|Any CPU
		{9B7381EF-6A5C-4AA1-B8CF-FC3E4873363D}.Release|x86.ActiveCfg = Release|Any CPU
		{9B7381EF-6A5C-4AA1-B8CF-FC3E4873363D}.Release|x86.Build.0 = Release|Any CPU
		{CF62A342-DDAD-4F09-B170-99906EBC4A60}.Debug|Any CPU.ActiveCfg = Debug|Any CPU
		{CF62A342-DDAD-4F09-B170-99906EBC4A60}.Debug|Any CPU.Build.0 = Debug|Any CPU
		{CF62A342-DDAD-4F09-B170-99906EBC4A60}.Debug|x86.ActiveCfg = Debug|Any CPU
		{CF62A342-DDAD-4F09-B170-99906EBC4A60}.Debug|x86.Build.0 = Debug|Any CPU
		{CF62A342-DDAD-4F09-B170-99906EBC4A60}.Release|Any CPU.ActiveCfg = Release|Any CPU
		{CF62A342-DDAD-4F09-B170-99906EBC4A60}.Release|Any CPU.Build.0 = Release|Any CPU
		{CF62A342-DDAD-4F09-B170-99906EBC4A60}.Release|x86.ActiveCfg = Release|Any CPU
		{CF62A342-DDAD-4F09-B170-99906EBC4A60}.Release|x86.Build.0 = Release|Any CPU
		{E3A36633-1933-49D3-A10B-E2BF4B3B9570}.Debug|Any CPU.ActiveCfg = Debug|Any CPU
		{E3A36633-1933-49D3-A10B-E2BF4B3B9570}.Debug|Any CPU.Build.0 = Debug|Any CPU
		{E3A36633-1933-49D3-A10B-E2BF4B3B9570}.Debug|x86.ActiveCfg = Debug|Any CPU
		{E3A36633-1933-49D3-A10B-E2BF4B3B9570}.Debug|x86.Build.0 = Debug|Any CPU
		{E3A36633-1933-49D3-A10B-E2BF4B3B9570}.Release|Any CPU.ActiveCfg = Release|Any CPU
		{E3A36633-1933-49D3-A10B-E2BF4B3B9570}.Release|Any CPU.Build.0 = Release|Any CPU
		{E3A36633-1933-49D3-A10B-E2BF4B3B9570}.Release|x86.ActiveCfg = Release|Any CPU
		{E3A36633-1933-49D3-A10B-E2BF4B3B9570}.Release|x86.Build.0 = Release|Any CPU
		{594D707C-958D-4B82-A712-3FCD5C303C4D}.Debug|Any CPU.ActiveCfg = Debug|Any CPU
		{594D707C-958D-4B82-A712-3FCD5C303C4D}.Debug|Any CPU.Build.0 = Debug|Any CPU
		{594D707C-958D-4B82-A712-3FCD5C303C4D}.Debug|x86.ActiveCfg = Debug|Any CPU
		{594D707C-958D-4B82-A712-3FCD5C303C4D}.Debug|x86.Build.0 = Debug|Any CPU
		{594D707C-958D-4B82-A712-3FCD5C303C4D}.Release|Any CPU.ActiveCfg = Release|Any CPU
		{594D707C-958D-4B82-A712-3FCD5C303C4D}.Release|Any CPU.Build.0 = Release|Any CPU
		{594D707C-958D-4B82-A712-3FCD5C303C4D}.Release|x86.ActiveCfg = Release|Any CPU
		{594D707C-958D-4B82-A712-3FCD5C303C4D}.Release|x86.Build.0 = Release|Any CPU
		{E7A03C1F-51AD-48AA-8E8C-56DC95A5421B}.Debug|Any CPU.ActiveCfg = Debug|Any CPU
		{E7A03C1F-51AD-48AA-8E8C-56DC95A5421B}.Debug|Any CPU.Build.0 = Debug|Any CPU
		{E7A03C1F-51AD-48AA-8E8C-56DC95A5421B}.Debug|x86.ActiveCfg = Debug|Any CPU
		{E7A03C1F-51AD-48AA-8E8C-56DC95A5421B}.Debug|x86.Build.0 = Debug|Any CPU
		{E7A03C1F-51AD-48AA-8E8C-56DC95A5421B}.Release|Any CPU.ActiveCfg = Release|Any CPU
		{E7A03C1F-51AD-48AA-8E8C-56DC95A5421B}.Release|Any CPU.Build.0 = Release|Any CPU
		{E7A03C1F-51AD-48AA-8E8C-56DC95A5421B}.Release|x86.ActiveCfg = Release|Any CPU
		{E7A03C1F-51AD-48AA-8E8C-56DC95A5421B}.Release|x86.Build.0 = Release|Any CPU
		{839D7495-4C62-45E0-B613-85560A58A761}.Debug|Any CPU.ActiveCfg = Debug|Any CPU
		{839D7495-4C62-45E0-B613-85560A58A761}.Debug|Any CPU.Build.0 = Debug|Any CPU
		{839D7495-4C62-45E0-B613-85560A58A761}.Debug|x86.ActiveCfg = Debug|Any CPU
		{839D7495-4C62-45E0-B613-85560A58A761}.Debug|x86.Build.0 = Debug|Any CPU
		{839D7495-4C62-45E0-B613-85560A58A761}.Release|Any CPU.ActiveCfg = Release|Any CPU
		{839D7495-4C62-45E0-B613-85560A58A761}.Release|Any CPU.Build.0 = Release|Any CPU
		{839D7495-4C62-45E0-B613-85560A58A761}.Release|x86.ActiveCfg = Release|Any CPU
		{839D7495-4C62-45E0-B613-85560A58A761}.Release|x86.Build.0 = Release|Any CPU
		{996B30B7-7490-40A8-862A-5CF70EE2AD8E}.Debug|Any CPU.ActiveCfg = Debug|Any CPU
		{996B30B7-7490-40A8-862A-5CF70EE2AD8E}.Debug|Any CPU.Build.0 = Debug|Any CPU
		{996B30B7-7490-40A8-862A-5CF70EE2AD8E}.Debug|x86.ActiveCfg = Debug|Any CPU
		{996B30B7-7490-40A8-862A-5CF70EE2AD8E}.Debug|x86.Build.0 = Debug|Any CPU
		{996B30B7-7490-40A8-862A-5CF70EE2AD8E}.Release|Any CPU.ActiveCfg = Release|Any CPU
		{996B30B7-7490-40A8-862A-5CF70EE2AD8E}.Release|Any CPU.Build.0 = Release|Any CPU
		{996B30B7-7490-40A8-862A-5CF70EE2AD8E}.Release|x86.ActiveCfg = Release|Any CPU
		{996B30B7-7490-40A8-862A-5CF70EE2AD8E}.Release|x86.Build.0 = Release|Any CPU
		{460BF384-133F-4286-8175-F8DB6436B8C5}.Debug|Any CPU.ActiveCfg = Debug|Any CPU
		{460BF384-133F-4286-8175-F8DB6436B8C5}.Debug|Any CPU.Build.0 = Debug|Any CPU
		{460BF384-133F-4286-8175-F8DB6436B8C5}.Debug|x86.ActiveCfg = Debug|Any CPU
		{460BF384-133F-4286-8175-F8DB6436B8C5}.Debug|x86.Build.0 = Debug|Any CPU
		{460BF384-133F-4286-8175-F8DB6436B8C5}.Release|Any CPU.ActiveCfg = Release|Any CPU
		{460BF384-133F-4286-8175-F8DB6436B8C5}.Release|Any CPU.Build.0 = Release|Any CPU
		{460BF384-133F-4286-8175-F8DB6436B8C5}.Release|x86.ActiveCfg = Release|Any CPU
		{460BF384-133F-4286-8175-F8DB6436B8C5}.Release|x86.Build.0 = Release|Any CPU
		{519DC19D-62C8-4175-A8E3-BD675F287FDA}.Debug|Any CPU.ActiveCfg = Debug|Any CPU
		{519DC19D-62C8-4175-A8E3-BD675F287FDA}.Debug|Any CPU.Build.0 = Debug|Any CPU
		{519DC19D-62C8-4175-A8E3-BD675F287FDA}.Debug|x86.ActiveCfg = Debug|Any CPU
		{519DC19D-62C8-4175-A8E3-BD675F287FDA}.Debug|x86.Build.0 = Debug|Any CPU
		{519DC19D-62C8-4175-A8E3-BD675F287FDA}.Release|Any CPU.ActiveCfg = Release|Any CPU
		{519DC19D-62C8-4175-A8E3-BD675F287FDA}.Release|Any CPU.Build.0 = Release|Any CPU
		{519DC19D-62C8-4175-A8E3-BD675F287FDA}.Release|x86.ActiveCfg = Release|Any CPU
		{519DC19D-62C8-4175-A8E3-BD675F287FDA}.Release|x86.Build.0 = Release|Any CPU
		{9555D298-AD69-4E20-B8C3-CD5AA61A743E}.Debug|Any CPU.ActiveCfg = Debug|Any CPU
		{9555D298-AD69-4E20-B8C3-CD5AA61A743E}.Debug|Any CPU.Build.0 = Debug|Any CPU
		{9555D298-AD69-4E20-B8C3-CD5AA61A743E}.Debug|x86.ActiveCfg = Debug|Any CPU
		{9555D298-AD69-4E20-B8C3-CD5AA61A743E}.Debug|x86.Build.0 = Debug|Any CPU
		{9555D298-AD69-4E20-B8C3-CD5AA61A743E}.Release|Any CPU.ActiveCfg = Release|Any CPU
		{9555D298-AD69-4E20-B8C3-CD5AA61A743E}.Release|Any CPU.Build.0 = Release|Any CPU
		{9555D298-AD69-4E20-B8C3-CD5AA61A743E}.Release|x86.ActiveCfg = Release|Any CPU
		{9555D298-AD69-4E20-B8C3-CD5AA61A743E}.Release|x86.Build.0 = Release|Any CPU
		{FD03FA02-1679-4EBB-BF9B-9676A647635B}.Debug|Any CPU.ActiveCfg = Debug|Any CPU
		{FD03FA02-1679-4EBB-BF9B-9676A647635B}.Debug|Any CPU.Build.0 = Debug|Any CPU
		{FD03FA02-1679-4EBB-BF9B-9676A647635B}.Debug|x86.ActiveCfg = Debug|Any CPU
		{FD03FA02-1679-4EBB-BF9B-9676A647635B}.Debug|x86.Build.0 = Debug|Any CPU
		{FD03FA02-1679-4EBB-BF9B-9676A647635B}.Release|Any CPU.ActiveCfg = Release|Any CPU
		{FD03FA02-1679-4EBB-BF9B-9676A647635B}.Release|Any CPU.Build.0 = Release|Any CPU
		{FD03FA02-1679-4EBB-BF9B-9676A647635B}.Release|x86.ActiveCfg = Release|Any CPU
		{FD03FA02-1679-4EBB-BF9B-9676A647635B}.Release|x86.Build.0 = Release|Any CPU
		{5E601558-48ED-4456-86B3-6CDA353B748B}.Debug|Any CPU.ActiveCfg = Debug|Any CPU
		{5E601558-48ED-4456-86B3-6CDA353B748B}.Debug|Any CPU.Build.0 = Debug|Any CPU
		{5E601558-48ED-4456-86B3-6CDA353B748B}.Debug|x86.ActiveCfg = Debug|Any CPU
		{5E601558-48ED-4456-86B3-6CDA353B748B}.Debug|x86.Build.0 = Debug|Any CPU
		{5E601558-48ED-4456-86B3-6CDA353B748B}.Release|Any CPU.ActiveCfg = Release|Any CPU
		{5E601558-48ED-4456-86B3-6CDA353B748B}.Release|Any CPU.Build.0 = Release|Any CPU
		{5E601558-48ED-4456-86B3-6CDA353B748B}.Release|x86.ActiveCfg = Release|Any CPU
		{5E601558-48ED-4456-86B3-6CDA353B748B}.Release|x86.Build.0 = Release|Any CPU
		{A3AC27A9-E469-4A3A-A31D-5003DF7A29E2}.Debug|Any CPU.ActiveCfg = Debug|Any CPU
		{A3AC27A9-E469-4A3A-A31D-5003DF7A29E2}.Debug|Any CPU.Build.0 = Debug|Any CPU
		{A3AC27A9-E469-4A3A-A31D-5003DF7A29E2}.Debug|x86.ActiveCfg = Debug|Any CPU
		{A3AC27A9-E469-4A3A-A31D-5003DF7A29E2}.Debug|x86.Build.0 = Debug|Any CPU
		{A3AC27A9-E469-4A3A-A31D-5003DF7A29E2}.Release|Any CPU.ActiveCfg = Release|Any CPU
		{A3AC27A9-E469-4A3A-A31D-5003DF7A29E2}.Release|Any CPU.Build.0 = Release|Any CPU
		{A3AC27A9-E469-4A3A-A31D-5003DF7A29E2}.Release|x86.ActiveCfg = Release|Any CPU
		{A3AC27A9-E469-4A3A-A31D-5003DF7A29E2}.Release|x86.Build.0 = Release|Any CPU
		{7154079D-3B17-4078-8A53-AE49F82B2C78}.Debug|Any CPU.ActiveCfg = Debug|Any CPU
		{7154079D-3B17-4078-8A53-AE49F82B2C78}.Debug|Any CPU.Build.0 = Debug|Any CPU
		{7154079D-3B17-4078-8A53-AE49F82B2C78}.Debug|x86.ActiveCfg = Debug|Any CPU
		{7154079D-3B17-4078-8A53-AE49F82B2C78}.Debug|x86.Build.0 = Debug|Any CPU
		{7154079D-3B17-4078-8A53-AE49F82B2C78}.Release|Any CPU.ActiveCfg = Release|Any CPU
		{7154079D-3B17-4078-8A53-AE49F82B2C78}.Release|Any CPU.Build.0 = Release|Any CPU
		{7154079D-3B17-4078-8A53-AE49F82B2C78}.Release|x86.ActiveCfg = Release|Any CPU
		{7154079D-3B17-4078-8A53-AE49F82B2C78}.Release|x86.Build.0 = Release|Any CPU
		{BC98DF72-15DE-443B-A34C-287B3A3322A2}.Debug|Any CPU.ActiveCfg = Debug|Any CPU
		{BC98DF72-15DE-443B-A34C-287B3A3322A2}.Debug|Any CPU.Build.0 = Debug|Any CPU
		{BC98DF72-15DE-443B-A34C-287B3A3322A2}.Debug|x86.ActiveCfg = Debug|Any CPU
		{BC98DF72-15DE-443B-A34C-287B3A3322A2}.Debug|x86.Build.0 = Debug|Any CPU
		{BC98DF72-15DE-443B-A34C-287B3A3322A2}.Release|Any CPU.ActiveCfg = Release|Any CPU
		{BC98DF72-15DE-443B-A34C-287B3A3322A2}.Release|Any CPU.Build.0 = Release|Any CPU
		{BC98DF72-15DE-443B-A34C-287B3A3322A2}.Release|x86.ActiveCfg = Release|Any CPU
		{BC98DF72-15DE-443B-A34C-287B3A3322A2}.Release|x86.Build.0 = Release|Any CPU
		{FE59CFE3-211B-4B37-945D-E925797E8287}.Debug|Any CPU.ActiveCfg = Debug|Any CPU
		{FE59CFE3-211B-4B37-945D-E925797E8287}.Debug|Any CPU.Build.0 = Debug|Any CPU
		{FE59CFE3-211B-4B37-945D-E925797E8287}.Debug|x86.ActiveCfg = Debug|Any CPU
		{FE59CFE3-211B-4B37-945D-E925797E8287}.Debug|x86.Build.0 = Debug|Any CPU
		{FE59CFE3-211B-4B37-945D-E925797E8287}.Release|Any CPU.ActiveCfg = Release|Any CPU
		{FE59CFE3-211B-4B37-945D-E925797E8287}.Release|Any CPU.Build.0 = Release|Any CPU
		{FE59CFE3-211B-4B37-945D-E925797E8287}.Release|x86.ActiveCfg = Release|Any CPU
		{FE59CFE3-211B-4B37-945D-E925797E8287}.Release|x86.Build.0 = Release|Any CPU
		{92640F57-6CC5-4C9B-B96E-B024854F96C5}.Debug|Any CPU.ActiveCfg = Debug|Any CPU
		{92640F57-6CC5-4C9B-B96E-B024854F96C5}.Debug|Any CPU.Build.0 = Debug|Any CPU
		{92640F57-6CC5-4C9B-B96E-B024854F96C5}.Debug|x86.ActiveCfg = Debug|Any CPU
		{92640F57-6CC5-4C9B-B96E-B024854F96C5}.Debug|x86.Build.0 = Debug|Any CPU
		{92640F57-6CC5-4C9B-B96E-B024854F96C5}.Release|Any CPU.ActiveCfg = Release|Any CPU
		{92640F57-6CC5-4C9B-B96E-B024854F96C5}.Release|Any CPU.Build.0 = Release|Any CPU
		{92640F57-6CC5-4C9B-B96E-B024854F96C5}.Release|x86.ActiveCfg = Release|Any CPU
		{92640F57-6CC5-4C9B-B96E-B024854F96C5}.Release|x86.Build.0 = Release|Any CPU
		{61364491-0AAB-4506-9F3C-3DE8DE6221F5}.Debug|Any CPU.ActiveCfg = Debug|Any CPU
		{61364491-0AAB-4506-9F3C-3DE8DE6221F5}.Debug|Any CPU.Build.0 = Debug|Any CPU
		{61364491-0AAB-4506-9F3C-3DE8DE6221F5}.Debug|x86.ActiveCfg = Debug|Any CPU
		{61364491-0AAB-4506-9F3C-3DE8DE6221F5}.Debug|x86.Build.0 = Debug|Any CPU
		{61364491-0AAB-4506-9F3C-3DE8DE6221F5}.Release|Any CPU.ActiveCfg = Release|Any CPU
		{61364491-0AAB-4506-9F3C-3DE8DE6221F5}.Release|Any CPU.Build.0 = Release|Any CPU
		{61364491-0AAB-4506-9F3C-3DE8DE6221F5}.Release|x86.ActiveCfg = Release|Any CPU
		{61364491-0AAB-4506-9F3C-3DE8DE6221F5}.Release|x86.Build.0 = Release|Any CPU
		{8EA57B33-380C-41CB-8F51-2C9067B997CF}.Debug|Any CPU.ActiveCfg = Debug|Any CPU
		{8EA57B33-380C-41CB-8F51-2C9067B997CF}.Debug|Any CPU.Build.0 = Debug|Any CPU
		{8EA57B33-380C-41CB-8F51-2C9067B997CF}.Debug|x86.ActiveCfg = Debug|Any CPU
		{8EA57B33-380C-41CB-8F51-2C9067B997CF}.Debug|x86.Build.0 = Debug|Any CPU
		{8EA57B33-380C-41CB-8F51-2C9067B997CF}.Release|Any CPU.ActiveCfg = Release|Any CPU
		{8EA57B33-380C-41CB-8F51-2C9067B997CF}.Release|Any CPU.Build.0 = Release|Any CPU
		{8EA57B33-380C-41CB-8F51-2C9067B997CF}.Release|x86.ActiveCfg = Release|Any CPU
		{8EA57B33-380C-41CB-8F51-2C9067B997CF}.Release|x86.Build.0 = Release|Any CPU
		{231C596D-BFCE-4AC2-B5C3-E826928D6F48}.Debug|Any CPU.ActiveCfg = Debug|Any CPU
		{231C596D-BFCE-4AC2-B5C3-E826928D6F48}.Debug|Any CPU.Build.0 = Debug|Any CPU
		{231C596D-BFCE-4AC2-B5C3-E826928D6F48}.Debug|x86.ActiveCfg = Debug|Any CPU
		{231C596D-BFCE-4AC2-B5C3-E826928D6F48}.Debug|x86.Build.0 = Debug|Any CPU
		{231C596D-BFCE-4AC2-B5C3-E826928D6F48}.Release|Any CPU.ActiveCfg = Release|Any CPU
		{231C596D-BFCE-4AC2-B5C3-E826928D6F48}.Release|Any CPU.Build.0 = Release|Any CPU
		{231C596D-BFCE-4AC2-B5C3-E826928D6F48}.Release|x86.ActiveCfg = Release|Any CPU
		{231C596D-BFCE-4AC2-B5C3-E826928D6F48}.Release|x86.Build.0 = Release|Any CPU
		{185C6394-3315-4920-B2F2-42B58A71234A}.Debug|Any CPU.ActiveCfg = Debug|Any CPU
		{185C6394-3315-4920-B2F2-42B58A71234A}.Debug|Any CPU.Build.0 = Debug|Any CPU
		{185C6394-3315-4920-B2F2-42B58A71234A}.Debug|x86.ActiveCfg = Debug|Any CPU
		{185C6394-3315-4920-B2F2-42B58A71234A}.Debug|x86.Build.0 = Debug|Any CPU
		{185C6394-3315-4920-B2F2-42B58A71234A}.Release|Any CPU.ActiveCfg = Release|Any CPU
		{185C6394-3315-4920-B2F2-42B58A71234A}.Release|Any CPU.Build.0 = Release|Any CPU
		{185C6394-3315-4920-B2F2-42B58A71234A}.Release|x86.ActiveCfg = Release|Any CPU
		{185C6394-3315-4920-B2F2-42B58A71234A}.Release|x86.Build.0 = Release|Any CPU
		{72AEEB8E-C199-48B4-BA16-5C70FA5B5977}.Debug|Any CPU.ActiveCfg = Debug|Any CPU
		{72AEEB8E-C199-48B4-BA16-5C70FA5B5977}.Debug|Any CPU.Build.0 = Debug|Any CPU
		{72AEEB8E-C199-48B4-BA16-5C70FA5B5977}.Debug|x86.ActiveCfg = Debug|Any CPU
		{72AEEB8E-C199-48B4-BA16-5C70FA5B5977}.Debug|x86.Build.0 = Debug|Any CPU
		{72AEEB8E-C199-48B4-BA16-5C70FA5B5977}.Release|Any CPU.ActiveCfg = Release|Any CPU
		{72AEEB8E-C199-48B4-BA16-5C70FA5B5977}.Release|Any CPU.Build.0 = Release|Any CPU
		{72AEEB8E-C199-48B4-BA16-5C70FA5B5977}.Release|x86.ActiveCfg = Release|Any CPU
		{72AEEB8E-C199-48B4-BA16-5C70FA5B5977}.Release|x86.Build.0 = Release|Any CPU
		{2683350D-4092-43F7-A6EB-C0F9B57B3386}.Debug|Any CPU.ActiveCfg = Debug|Any CPU
		{2683350D-4092-43F7-A6EB-C0F9B57B3386}.Debug|Any CPU.Build.0 = Debug|Any CPU
		{2683350D-4092-43F7-A6EB-C0F9B57B3386}.Debug|x86.ActiveCfg = Debug|Any CPU
		{2683350D-4092-43F7-A6EB-C0F9B57B3386}.Debug|x86.Build.0 = Debug|Any CPU
		{2683350D-4092-43F7-A6EB-C0F9B57B3386}.Release|Any CPU.ActiveCfg = Release|Any CPU
		{2683350D-4092-43F7-A6EB-C0F9B57B3386}.Release|Any CPU.Build.0 = Release|Any CPU
		{2683350D-4092-43F7-A6EB-C0F9B57B3386}.Release|x86.ActiveCfg = Release|Any CPU
		{2683350D-4092-43F7-A6EB-C0F9B57B3386}.Release|x86.Build.0 = Release|Any CPU
		{AB44B1C0-C78B-41B7-90D6-FA103778C3F5}.Debug|Any CPU.ActiveCfg = Debug|Any CPU
		{AB44B1C0-C78B-41B7-90D6-FA103778C3F5}.Debug|Any CPU.Build.0 = Debug|Any CPU
		{AB44B1C0-C78B-41B7-90D6-FA103778C3F5}.Debug|x86.ActiveCfg = Debug|Any CPU
		{AB44B1C0-C78B-41B7-90D6-FA103778C3F5}.Debug|x86.Build.0 = Debug|Any CPU
		{AB44B1C0-C78B-41B7-90D6-FA103778C3F5}.Release|Any CPU.ActiveCfg = Release|Any CPU
		{AB44B1C0-C78B-41B7-90D6-FA103778C3F5}.Release|Any CPU.Build.0 = Release|Any CPU
		{AB44B1C0-C78B-41B7-90D6-FA103778C3F5}.Release|x86.ActiveCfg = Release|Any CPU
		{AB44B1C0-C78B-41B7-90D6-FA103778C3F5}.Release|x86.Build.0 = Release|Any CPU
		{BCA4D127-81C0-49C5-8906-1031DD5D2BE9}.Debug|Any CPU.ActiveCfg = Debug|Any CPU
		{BCA4D127-81C0-49C5-8906-1031DD5D2BE9}.Debug|Any CPU.Build.0 = Debug|Any CPU
		{BCA4D127-81C0-49C5-8906-1031DD5D2BE9}.Debug|x86.ActiveCfg = Debug|Any CPU
		{BCA4D127-81C0-49C5-8906-1031DD5D2BE9}.Debug|x86.Build.0 = Debug|Any CPU
		{BCA4D127-81C0-49C5-8906-1031DD5D2BE9}.Release|Any CPU.ActiveCfg = Release|Any CPU
		{BCA4D127-81C0-49C5-8906-1031DD5D2BE9}.Release|Any CPU.Build.0 = Release|Any CPU
		{BCA4D127-81C0-49C5-8906-1031DD5D2BE9}.Release|x86.ActiveCfg = Release|Any CPU
		{BCA4D127-81C0-49C5-8906-1031DD5D2BE9}.Release|x86.Build.0 = Release|Any CPU
		{716086EB-3056-4F09-A6DA-9BA6909FBA43}.Debug|Any CPU.ActiveCfg = Debug|Any CPU
		{716086EB-3056-4F09-A6DA-9BA6909FBA43}.Debug|Any CPU.Build.0 = Debug|Any CPU
		{716086EB-3056-4F09-A6DA-9BA6909FBA43}.Debug|x86.ActiveCfg = Debug|Any CPU
		{716086EB-3056-4F09-A6DA-9BA6909FBA43}.Debug|x86.Build.0 = Debug|Any CPU
		{716086EB-3056-4F09-A6DA-9BA6909FBA43}.Release|Any CPU.ActiveCfg = Release|Any CPU
		{716086EB-3056-4F09-A6DA-9BA6909FBA43}.Release|Any CPU.Build.0 = Release|Any CPU
		{716086EB-3056-4F09-A6DA-9BA6909FBA43}.Release|x86.ActiveCfg = Release|Any CPU
		{716086EB-3056-4F09-A6DA-9BA6909FBA43}.Release|x86.Build.0 = Release|Any CPU
		{1BB9F581-B7B7-4300-BEB4-AD265E1DB9D1}.Debug|Any CPU.ActiveCfg = Debug|x86
		{1BB9F581-B7B7-4300-BEB4-AD265E1DB9D1}.Debug|Any CPU.Build.0 = Debug|x86
		{1BB9F581-B7B7-4300-BEB4-AD265E1DB9D1}.Debug|x86.ActiveCfg = Debug|x86
		{1BB9F581-B7B7-4300-BEB4-AD265E1DB9D1}.Debug|x86.Build.0 = Debug|x86
		{1BB9F581-B7B7-4300-BEB4-AD265E1DB9D1}.Release|Any CPU.ActiveCfg = Release|x86
		{1BB9F581-B7B7-4300-BEB4-AD265E1DB9D1}.Release|Any CPU.Build.0 = Release|x86
		{1BB9F581-B7B7-4300-BEB4-AD265E1DB9D1}.Release|x86.ActiveCfg = Release|x86
		{1BB9F581-B7B7-4300-BEB4-AD265E1DB9D1}.Release|x86.Build.0 = Release|x86
		{4F1FA18A-7461-454E-B951-2640E81DB5B8}.Debug|Any CPU.ActiveCfg = Debug|x86
		{4F1FA18A-7461-454E-B951-2640E81DB5B8}.Debug|Any CPU.Build.0 = Debug|x86
		{4F1FA18A-7461-454E-B951-2640E81DB5B8}.Debug|x86.ActiveCfg = Debug|x86
		{4F1FA18A-7461-454E-B951-2640E81DB5B8}.Debug|x86.Build.0 = Debug|x86
		{4F1FA18A-7461-454E-B951-2640E81DB5B8}.Release|Any CPU.ActiveCfg = Release|x86
		{4F1FA18A-7461-454E-B951-2640E81DB5B8}.Release|Any CPU.Build.0 = Release|x86
		{4F1FA18A-7461-454E-B951-2640E81DB5B8}.Release|x86.ActiveCfg = Release|x86
		{4F1FA18A-7461-454E-B951-2640E81DB5B8}.Release|x86.Build.0 = Release|x86
		{1B7A403D-FCA7-413D-9B06-228BBCE7B5AD}.Debug|Any CPU.ActiveCfg = Debug|x86
		{1B7A403D-FCA7-413D-9B06-228BBCE7B5AD}.Debug|Any CPU.Build.0 = Debug|x86
		{1B7A403D-FCA7-413D-9B06-228BBCE7B5AD}.Debug|x86.ActiveCfg = Debug|x86
		{1B7A403D-FCA7-413D-9B06-228BBCE7B5AD}.Debug|x86.Build.0 = Debug|x86
		{1B7A403D-FCA7-413D-9B06-228BBCE7B5AD}.Release|Any CPU.ActiveCfg = Release|x86
		{1B7A403D-FCA7-413D-9B06-228BBCE7B5AD}.Release|Any CPU.Build.0 = Release|x86
		{1B7A403D-FCA7-413D-9B06-228BBCE7B5AD}.Release|x86.ActiveCfg = Release|x86
		{1B7A403D-FCA7-413D-9B06-228BBCE7B5AD}.Release|x86.Build.0 = Release|x86
		{9A9BFD67-0F8A-4501-B392-0E640E982D60}.Debug|Any CPU.ActiveCfg = Debug|x86
		{9A9BFD67-0F8A-4501-B392-0E640E982D60}.Debug|Any CPU.Build.0 = Debug|x86
		{9A9BFD67-0F8A-4501-B392-0E640E982D60}.Debug|x86.ActiveCfg = Debug|x86
		{9A9BFD67-0F8A-4501-B392-0E640E982D60}.Debug|x86.Build.0 = Debug|x86
		{9A9BFD67-0F8A-4501-B392-0E640E982D60}.Release|Any CPU.ActiveCfg = Release|x86
		{9A9BFD67-0F8A-4501-B392-0E640E982D60}.Release|Any CPU.Build.0 = Release|x86
		{9A9BFD67-0F8A-4501-B392-0E640E982D60}.Release|x86.ActiveCfg = Release|x86
		{9A9BFD67-0F8A-4501-B392-0E640E982D60}.Release|x86.Build.0 = Release|x86
		{96A48620-7E5E-45D3-BFB8-1AC14CF87687}.Debug|Any CPU.ActiveCfg = Debug|x86
		{96A48620-7E5E-45D3-BFB8-1AC14CF87687}.Debug|Any CPU.Build.0 = Debug|x86
		{96A48620-7E5E-45D3-BFB8-1AC14CF87687}.Debug|x86.ActiveCfg = Debug|x86
		{96A48620-7E5E-45D3-BFB8-1AC14CF87687}.Debug|x86.Build.0 = Debug|x86
		{96A48620-7E5E-45D3-BFB8-1AC14CF87687}.Release|Any CPU.ActiveCfg = Release|x86
		{96A48620-7E5E-45D3-BFB8-1AC14CF87687}.Release|Any CPU.Build.0 = Release|x86
		{96A48620-7E5E-45D3-BFB8-1AC14CF87687}.Release|x86.ActiveCfg = Release|x86
		{96A48620-7E5E-45D3-BFB8-1AC14CF87687}.Release|x86.Build.0 = Release|x86
		{5620A8E8-6B5B-4FDE-B6F5-C0000BA76D66}.Debug|Any CPU.ActiveCfg = Debug|x86
		{5620A8E8-6B5B-4FDE-B6F5-C0000BA76D66}.Debug|Any CPU.Build.0 = Debug|x86
		{5620A8E8-6B5B-4FDE-B6F5-C0000BA76D66}.Debug|x86.ActiveCfg = Debug|x86
		{5620A8E8-6B5B-4FDE-B6F5-C0000BA76D66}.Debug|x86.Build.0 = Debug|x86
		{5620A8E8-6B5B-4FDE-B6F5-C0000BA76D66}.Release|Any CPU.ActiveCfg = Release|x86
		{5620A8E8-6B5B-4FDE-B6F5-C0000BA76D66}.Release|Any CPU.Build.0 = Release|x86
		{5620A8E8-6B5B-4FDE-B6F5-C0000BA76D66}.Release|x86.ActiveCfg = Release|x86
		{5620A8E8-6B5B-4FDE-B6F5-C0000BA76D66}.Release|x86.Build.0 = Release|x86
		{31F31E7C-92AA-4E6D-BD94-8DC921676AAA}.Debug|Any CPU.ActiveCfg = Debug|x86
		{31F31E7C-92AA-4E6D-BD94-8DC921676AAA}.Debug|Any CPU.Build.0 = Debug|x86
		{31F31E7C-92AA-4E6D-BD94-8DC921676AAA}.Debug|x86.ActiveCfg = Debug|x86
		{31F31E7C-92AA-4E6D-BD94-8DC921676AAA}.Debug|x86.Build.0 = Debug|x86
		{31F31E7C-92AA-4E6D-BD94-8DC921676AAA}.Release|Any CPU.ActiveCfg = Release|x86
		{31F31E7C-92AA-4E6D-BD94-8DC921676AAA}.Release|Any CPU.Build.0 = Release|x86
		{31F31E7C-92AA-4E6D-BD94-8DC921676AAA}.Release|x86.ActiveCfg = Release|x86
		{31F31E7C-92AA-4E6D-BD94-8DC921676AAA}.Release|x86.Build.0 = Release|x86
		{48285229-F3B5-42F6-A34B-29B57188ADE8}.Debug|Any CPU.ActiveCfg = Debug|x86
		{48285229-F3B5-42F6-A34B-29B57188ADE8}.Debug|Any CPU.Build.0 = Debug|x86
		{48285229-F3B5-42F6-A34B-29B57188ADE8}.Debug|x86.ActiveCfg = Debug|x86
		{48285229-F3B5-42F6-A34B-29B57188ADE8}.Debug|x86.Build.0 = Debug|x86
		{48285229-F3B5-42F6-A34B-29B57188ADE8}.Release|Any CPU.ActiveCfg = Release|x86
		{48285229-F3B5-42F6-A34B-29B57188ADE8}.Release|Any CPU.Build.0 = Release|x86
		{48285229-F3B5-42F6-A34B-29B57188ADE8}.Release|x86.ActiveCfg = Release|x86
		{48285229-F3B5-42F6-A34B-29B57188ADE8}.Release|x86.Build.0 = Release|x86
		{5F7024A1-3E24-4413-B383-2EF0FD0C6D87}.Debug|Any CPU.ActiveCfg = Debug|x86
		{5F7024A1-3E24-4413-B383-2EF0FD0C6D87}.Debug|Any CPU.Build.0 = Debug|x86
		{5F7024A1-3E24-4413-B383-2EF0FD0C6D87}.Debug|x86.ActiveCfg = Debug|x86
		{5F7024A1-3E24-4413-B383-2EF0FD0C6D87}.Debug|x86.Build.0 = Debug|x86
		{5F7024A1-3E24-4413-B383-2EF0FD0C6D87}.Release|Any CPU.ActiveCfg = Release|x86
		{5F7024A1-3E24-4413-B383-2EF0FD0C6D87}.Release|Any CPU.Build.0 = Release|x86
		{5F7024A1-3E24-4413-B383-2EF0FD0C6D87}.Release|x86.ActiveCfg = Release|x86
		{5F7024A1-3E24-4413-B383-2EF0FD0C6D87}.Release|x86.Build.0 = Release|x86
		{4D02C062-F33E-4363-B2EA-66EBAE19FEB1}.Debug|Any CPU.ActiveCfg = Debug|x86
		{4D02C062-F33E-4363-B2EA-66EBAE19FEB1}.Debug|Any CPU.Build.0 = Debug|x86
		{4D02C062-F33E-4363-B2EA-66EBAE19FEB1}.Debug|x86.ActiveCfg = Debug|x86
		{4D02C062-F33E-4363-B2EA-66EBAE19FEB1}.Debug|x86.Build.0 = Debug|x86
		{4D02C062-F33E-4363-B2EA-66EBAE19FEB1}.Release|Any CPU.ActiveCfg = Release|x86
		{4D02C062-F33E-4363-B2EA-66EBAE19FEB1}.Release|Any CPU.Build.0 = Release|x86
		{4D02C062-F33E-4363-B2EA-66EBAE19FEB1}.Release|x86.ActiveCfg = Release|x86
		{4D02C062-F33E-4363-B2EA-66EBAE19FEB1}.Release|x86.Build.0 = Release|x86
		{22AE2C67-2337-484E-826D-305735FC8230}.Debug|Any CPU.ActiveCfg = Debug|x86
		{22AE2C67-2337-484E-826D-305735FC8230}.Debug|Any CPU.Build.0 = Debug|x86
		{22AE2C67-2337-484E-826D-305735FC8230}.Debug|x86.ActiveCfg = Debug|x86
		{22AE2C67-2337-484E-826D-305735FC8230}.Debug|x86.Build.0 = Debug|x86
		{22AE2C67-2337-484E-826D-305735FC8230}.Release|Any CPU.ActiveCfg = Release|x86
		{22AE2C67-2337-484E-826D-305735FC8230}.Release|Any CPU.Build.0 = Release|x86
		{22AE2C67-2337-484E-826D-305735FC8230}.Release|x86.ActiveCfg = Release|x86
		{22AE2C67-2337-484E-826D-305735FC8230}.Release|x86.Build.0 = Release|x86
		{FA11DDAE-B292-46A8-849F-FF536A83BC56}.Debug|Any CPU.ActiveCfg = Debug|Any CPU
		{FA11DDAE-B292-46A8-849F-FF536A83BC56}.Debug|Any CPU.Build.0 = Debug|Any CPU
		{FA11DDAE-B292-46A8-849F-FF536A83BC56}.Debug|x86.ActiveCfg = Debug|Any CPU
		{FA11DDAE-B292-46A8-849F-FF536A83BC56}.Debug|x86.Build.0 = Debug|Any CPU
		{FA11DDAE-B292-46A8-849F-FF536A83BC56}.Release|Any CPU.ActiveCfg = Release|Any CPU
		{FA11DDAE-B292-46A8-849F-FF536A83BC56}.Release|Any CPU.Build.0 = Release|Any CPU
		{FA11DDAE-B292-46A8-849F-FF536A83BC56}.Release|x86.ActiveCfg = Release|Any CPU
		{FA11DDAE-B292-46A8-849F-FF536A83BC56}.Release|x86.Build.0 = Release|Any CPU
		{E4159C12-EED0-4926-9A11-C0CFFAA4A81A}.Debug|Any CPU.ActiveCfg = Debug|Any CPU
		{E4159C12-EED0-4926-9A11-C0CFFAA4A81A}.Debug|Any CPU.Build.0 = Debug|Any CPU
		{E4159C12-EED0-4926-9A11-C0CFFAA4A81A}.Debug|x86.ActiveCfg = Debug|Any CPU
		{E4159C12-EED0-4926-9A11-C0CFFAA4A81A}.Debug|x86.Build.0 = Debug|Any CPU
		{E4159C12-EED0-4926-9A11-C0CFFAA4A81A}.Release|Any CPU.ActiveCfg = Release|Any CPU
		{E4159C12-EED0-4926-9A11-C0CFFAA4A81A}.Release|Any CPU.Build.0 = Release|Any CPU
		{E4159C12-EED0-4926-9A11-C0CFFAA4A81A}.Release|x86.ActiveCfg = Release|Any CPU
		{E4159C12-EED0-4926-9A11-C0CFFAA4A81A}.Release|x86.Build.0 = Release|Any CPU
		{84DA5EE7-FA56-4AAF-AB1A-31EB850355AA}.Debug|Any CPU.ActiveCfg = Debug|Any CPU
		{84DA5EE7-FA56-4AAF-AB1A-31EB850355AA}.Debug|Any CPU.Build.0 = Debug|Any CPU
		{84DA5EE7-FA56-4AAF-AB1A-31EB850355AA}.Debug|x86.ActiveCfg = Debug|Any CPU
		{84DA5EE7-FA56-4AAF-AB1A-31EB850355AA}.Debug|x86.Build.0 = Debug|Any CPU
		{84DA5EE7-FA56-4AAF-AB1A-31EB850355AA}.Release|Any CPU.ActiveCfg = Release|Any CPU
		{84DA5EE7-FA56-4AAF-AB1A-31EB850355AA}.Release|Any CPU.Build.0 = Release|Any CPU
		{84DA5EE7-FA56-4AAF-AB1A-31EB850355AA}.Release|x86.ActiveCfg = Release|Any CPU
		{84DA5EE7-FA56-4AAF-AB1A-31EB850355AA}.Release|x86.Build.0 = Release|Any CPU
		{2ACD46FD-1BFB-48E4-BDCB-E5798EE51669}.Debug|Any CPU.ActiveCfg = Debug|Any CPU
		{2ACD46FD-1BFB-48E4-BDCB-E5798EE51669}.Debug|Any CPU.Build.0 = Debug|Any CPU
		{2ACD46FD-1BFB-48E4-BDCB-E5798EE51669}.Debug|x86.ActiveCfg = Debug|Any CPU
		{2ACD46FD-1BFB-48E4-BDCB-E5798EE51669}.Debug|x86.Build.0 = Debug|Any CPU
		{2ACD46FD-1BFB-48E4-BDCB-E5798EE51669}.Release|Any CPU.ActiveCfg = Release|Any CPU
		{2ACD46FD-1BFB-48E4-BDCB-E5798EE51669}.Release|Any CPU.Build.0 = Release|Any CPU
		{2ACD46FD-1BFB-48E4-BDCB-E5798EE51669}.Release|x86.ActiveCfg = Release|Any CPU
		{2ACD46FD-1BFB-48E4-BDCB-E5798EE51669}.Release|x86.Build.0 = Release|Any CPU
		{93737EA0-6D51-4648-807D-8EDAEE502FDA}.Debug|Any CPU.ActiveCfg = Debug|Any CPU
		{93737EA0-6D51-4648-807D-8EDAEE502FDA}.Debug|Any CPU.Build.0 = Debug|Any CPU
		{93737EA0-6D51-4648-807D-8EDAEE502FDA}.Debug|x86.ActiveCfg = Debug|Any CPU
		{93737EA0-6D51-4648-807D-8EDAEE502FDA}.Debug|x86.Build.0 = Debug|Any CPU
		{93737EA0-6D51-4648-807D-8EDAEE502FDA}.Release|Any CPU.ActiveCfg = Release|Any CPU
		{93737EA0-6D51-4648-807D-8EDAEE502FDA}.Release|Any CPU.Build.0 = Release|Any CPU
		{93737EA0-6D51-4648-807D-8EDAEE502FDA}.Release|x86.ActiveCfg = Release|Any CPU
		{93737EA0-6D51-4648-807D-8EDAEE502FDA}.Release|x86.Build.0 = Release|Any CPU
		{A0377B20-9C9C-4A3B-AE23-3D15FBA8C1CA}.Debug|Any CPU.ActiveCfg = Debug|Any CPU
		{A0377B20-9C9C-4A3B-AE23-3D15FBA8C1CA}.Debug|Any CPU.Build.0 = Debug|Any CPU
		{A0377B20-9C9C-4A3B-AE23-3D15FBA8C1CA}.Debug|x86.ActiveCfg = Debug|Any CPU
		{A0377B20-9C9C-4A3B-AE23-3D15FBA8C1CA}.Debug|x86.Build.0 = Debug|Any CPU
		{A0377B20-9C9C-4A3B-AE23-3D15FBA8C1CA}.Release|Any CPU.ActiveCfg = Release|Any CPU
		{A0377B20-9C9C-4A3B-AE23-3D15FBA8C1CA}.Release|Any CPU.Build.0 = Release|Any CPU
		{A0377B20-9C9C-4A3B-AE23-3D15FBA8C1CA}.Release|x86.ActiveCfg = Release|Any CPU
		{A0377B20-9C9C-4A3B-AE23-3D15FBA8C1CA}.Release|x86.Build.0 = Release|Any CPU
	EndGlobalSection
	GlobalSection(SolutionProperties) = preSolution
		HideSolutionNode = FALSE
	EndGlobalSection
	GlobalSection(NestedProjects) = preSolution
		{4133B889-F89B-464A-87A2-A9B6A9A86075} = {2DA48369-C94E-40A6-AC9D-0697930A08FB}
		{12FBCDCA-AC7F-434D-8834-0CC8D4D1B1C7} = {6F514420-668F-4FE8-80C2-EBBB10A0A19C}
		{A32E17E7-EC2F-4018-B23F-8D529B76EA79} = {3D6F5AB9-36FE-4812-885C-6FBC6A022E1E}
		{6F514420-668F-4FE8-80C2-EBBB10A0A19C} = {DDA8054B-E763-4D24-8EC2-2634264B8FD5}
		{3D6F5AB9-36FE-4812-885C-6FBC6A022E1E} = {DDA8054B-E763-4D24-8EC2-2634264B8FD5}
		{40D873CF-BC87-4F01-898C-C2753DA84E55} = {6F514420-668F-4FE8-80C2-EBBB10A0A19C}
		{909A2F42-5D95-4ED0-B686-3E1B3272BDE1} = {2DA48369-C94E-40A6-AC9D-0697930A08FB}
		{FD1ADEE0-5383-4C03-BF65-A2BBED703E76} = {F0D21E72-4190-4EF0-8192-A0495952C4D3}
		{41388C59-B0C9-4B9C-9DB6-C1F805B23BF6} = {909A2F42-5D95-4ED0-B686-3E1B3272BDE1}
		{F0D21E72-4190-4EF0-8192-A0495952C4D3} = {909A2F42-5D95-4ED0-B686-3E1B3272BDE1}
		{3FCD8516-3B36-4053-A5B4-3F234DED5689} = {41388C59-B0C9-4B9C-9DB6-C1F805B23BF6}
		{8037C9CF-756D-4C38-918F-ED153CFA06C0} = {2DA48369-C94E-40A6-AC9D-0697930A08FB}
		{837226DE-4BE7-469F-B6FB-8D50E9DD5E4E} = {2DA48369-C94E-40A6-AC9D-0697930A08FB}
		{223EC1B5-0281-4407-958A-0A879D55FF0B} = {2DA48369-C94E-40A6-AC9D-0697930A08FB}
		{9B7381EF-6A5C-4AA1-B8CF-FC3E4873363D} = {2DA48369-C94E-40A6-AC9D-0697930A08FB}
		{CF62A342-DDAD-4F09-B170-99906EBC4A60} = {2DA48369-C94E-40A6-AC9D-0697930A08FB}
		{E3A36633-1933-49D3-A10B-E2BF4B3B9570} = {2DA48369-C94E-40A6-AC9D-0697930A08FB}
		{594D707C-958D-4B82-A712-3FCD5C303C4D} = {2DA48369-C94E-40A6-AC9D-0697930A08FB}
		{E7A03C1F-51AD-48AA-8E8C-56DC95A5421B} = {2DA48369-C94E-40A6-AC9D-0697930A08FB}
		{839D7495-4C62-45E0-B613-85560A58A761} = {2DA48369-C94E-40A6-AC9D-0697930A08FB}
		{996B30B7-7490-40A8-862A-5CF70EE2AD8E} = {2DA48369-C94E-40A6-AC9D-0697930A08FB}
		{519DC19D-62C8-4175-A8E3-BD675F287FDA} = {2DA48369-C94E-40A6-AC9D-0697930A08FB}
		{9555D298-AD69-4E20-B8C3-CD5AA61A743E} = {2DA48369-C94E-40A6-AC9D-0697930A08FB}
		{FD03FA02-1679-4EBB-BF9B-9676A647635B} = {2DA48369-C94E-40A6-AC9D-0697930A08FB}
		{5E601558-48ED-4456-86B3-6CDA353B748B} = {2DA48369-C94E-40A6-AC9D-0697930A08FB}
		{A3AC27A9-E469-4A3A-A31D-5003DF7A29E2} = {2DA48369-C94E-40A6-AC9D-0697930A08FB}
		{7154079D-3B17-4078-8A53-AE49F82B2C78} = {2DA48369-C94E-40A6-AC9D-0697930A08FB}
		{BC98DF72-15DE-443B-A34C-287B3A3322A2} = {2DA48369-C94E-40A6-AC9D-0697930A08FB}
		{FE59CFE3-211B-4B37-945D-E925797E8287} = {2DA48369-C94E-40A6-AC9D-0697930A08FB}
		{92640F57-6CC5-4C9B-B96E-B024854F96C5} = {2DA48369-C94E-40A6-AC9D-0697930A08FB}
		{61364491-0AAB-4506-9F3C-3DE8DE6221F5} = {2DA48369-C94E-40A6-AC9D-0697930A08FB}
		{8EA57B33-380C-41CB-8F51-2C9067B997CF} = {2DA48369-C94E-40A6-AC9D-0697930A08FB}
		{231C596D-BFCE-4AC2-B5C3-E826928D6F48} = {2DA48369-C94E-40A6-AC9D-0697930A08FB}
		{185C6394-3315-4920-B2F2-42B58A71234A} = {2DA48369-C94E-40A6-AC9D-0697930A08FB}
		{72AEEB8E-C199-48B4-BA16-5C70FA5B5977} = {2DA48369-C94E-40A6-AC9D-0697930A08FB}
		{2683350D-4092-43F7-A6EB-C0F9B57B3386} = {84846264-73D0-40B2-83ED-48FB73DD13A7}
		{AB44B1C0-C78B-41B7-90D6-FA103778C3F5} = {84846264-73D0-40B2-83ED-48FB73DD13A7}
		{BCA4D127-81C0-49C5-8906-1031DD5D2BE9} = {84846264-73D0-40B2-83ED-48FB73DD13A7}
		{716086EB-3056-4F09-A6DA-9BA6909FBA43} = {84846264-73D0-40B2-83ED-48FB73DD13A7}
		{6E0E2273-6A42-4BF1-99F8-F79011705008} = {DDA8054B-E763-4D24-8EC2-2634264B8FD5}
		{1BB9F581-B7B7-4300-BEB4-AD265E1DB9D1} = {1A8156C7-93FC-45ED-8A8C-DF54B285AED5}
		{4F1FA18A-7461-454E-B951-2640E81DB5B8} = {1A8156C7-93FC-45ED-8A8C-DF54B285AED5}
		{1B7A403D-FCA7-413D-9B06-228BBCE7B5AD} = {1A8156C7-93FC-45ED-8A8C-DF54B285AED5}
		{9A9BFD67-0F8A-4501-B392-0E640E982D60} = {1A8156C7-93FC-45ED-8A8C-DF54B285AED5}
		{96A48620-7E5E-45D3-BFB8-1AC14CF87687} = {1A8156C7-93FC-45ED-8A8C-DF54B285AED5}
		{5620A8E8-6B5B-4FDE-B6F5-C0000BA76D66} = {1A8156C7-93FC-45ED-8A8C-DF54B285AED5}
		{31F31E7C-92AA-4E6D-BD94-8DC921676AAA} = {1A8156C7-93FC-45ED-8A8C-DF54B285AED5}
		{48285229-F3B5-42F6-A34B-29B57188ADE8} = {1A8156C7-93FC-45ED-8A8C-DF54B285AED5}
		{5F7024A1-3E24-4413-B383-2EF0FD0C6D87} = {1A8156C7-93FC-45ED-8A8C-DF54B285AED5}
		{4D02C062-F33E-4363-B2EA-66EBAE19FEB1} = {1A8156C7-93FC-45ED-8A8C-DF54B285AED5}
		{22AE2C67-2337-484E-826D-305735FC8230} = {1A8156C7-93FC-45ED-8A8C-DF54B285AED5}
		{FA11DDAE-B292-46A8-849F-FF536A83BC56} = {84846264-73D0-40B2-83ED-48FB73DD13A7}
		{E4159C12-EED0-4926-9A11-C0CFFAA4A81A} = {2DA48369-C94E-40A6-AC9D-0697930A08FB}
		{84DA5EE7-FA56-4AAF-AB1A-31EB850355AA} = {84846264-73D0-40B2-83ED-48FB73DD13A7}
		{2ACD46FD-1BFB-48E4-BDCB-E5798EE51669} = {84846264-73D0-40B2-83ED-48FB73DD13A7}
		{93737EA0-6D51-4648-807D-8EDAEE502FDA} = {84846264-73D0-40B2-83ED-48FB73DD13A7}
		{A0377B20-9C9C-4A3B-AE23-3D15FBA8C1CA} = {84846264-73D0-40B2-83ED-48FB73DD13A7}
	EndGlobalSection
	GlobalSection(ExtensibilityGlobals) = postSolution
		SolutionGuid = {05959226-3BF2-46BD-9D91-7ACB1B24FBF7}
	EndGlobalSection
EndGlobal
