
Microsoft Visual Studio Solution File, Format Version 12.00
# Visual Studio Version 17
VisualStudioVersion = 17.4.33213.308
MinimumVisualStudioVersion = 10.0.40219.1
Project("{FAE04EC0-301F-11D3-BF4B-00C04F79EFBC}") = "HelloWorld", "HelloWorld\HelloWorld.csproj", "{E6C0CCA5-B8AB-4227-93E7-53A7CC482EE2}"
EndProject
Project("{FAE04EC0-301F-11D3-BF4B-00C04F79EFBC}") = "Lab1", "Lab1\Lab1.csproj", "{4133B889-F89B-464A-87A2-A9B6A9A86075}"
EndProject
Project("{FAE04EC0-301F-11D3-BF4B-00C04F79EFBC}") = "SimpleCalculator.ConsoleApp", "SimpleCalculator.ConsoleApp\SimpleCalculator.ConsoleApp.csproj", "{12FBCDCA-AC7F-434D-8834-0CC8D4D1B1C7}"
EndProject
Project("{FAE04EC0-301F-11D3-BF4B-00C04F79EFBC}") = "SimpleCalculator.Business", "SimpleCalculator.Business\SimpleCalculator.Business.csproj", "{A32E17E7-EC2F-4018-B23F-8D529B76EA79}"
EndProject
Project("{2150E333-8FDC-42A3-9474-1A3956D46DE8}") = "SimpleCalculatorApp", "SimpleCalculatorApp", "{DDA8054B-E763-4D24-8EC2-2634264B8FD5}"
EndProject
Project("{2150E333-8FDC-42A3-9474-1A3956D46DE8}") = "PresentationLayer", "PresentationLayer", "{6F514420-668F-4FE8-80C2-EBBB10A0A19C}"
EndProject
Project("{2150E333-8FDC-42A3-9474-1A3956D46DE8}") = "BusinessLayer", "BusinessLayer", "{3D6F5AB9-36FE-4812-885C-6FBC6A022E1E}"
EndProject
Project("{FAE04EC0-301F-11D3-BF4B-00C04F79EFBC}") = "SimpleCalculator.WindowsFormsApp", "SimpleCalculator.WindowsFormsApp\SimpleCalculator.WindowsFormsApp.csproj", "{40D873CF-BC87-4F01-898C-C2753DA84E55}"
EndProject
Global
	GlobalSection(SolutionConfigurationPlatforms) = preSolution
		Debug|Any CPU = Debug|Any CPU
		Release|Any CPU = Release|Any CPU
	EndGlobalSection
	GlobalSection(ProjectConfigurationPlatforms) = postSolution
		{E6C0CCA5-B8AB-4227-93E7-53A7CC482EE2}.Debug|Any CPU.ActiveCfg = Debug|Any CPU
		{E6C0CCA5-B8AB-4227-93E7-53A7CC482EE2}.Debug|Any CPU.Build.0 = Debug|Any CPU
		{E6C0CCA5-B8AB-4227-93E7-53A7CC482EE2}.Release|Any CPU.ActiveCfg = Release|Any CPU
		{E6C0CCA5-B8AB-4227-93E7-53A7CC482EE2}.Release|Any CPU.Build.0 = Release|Any CPU
		{4133B889-F89B-464A-87A2-A9B6A9A86075}.Debug|Any CPU.ActiveCfg = Debug|Any CPU
		{4133B889-F89B-464A-87A2-A9B6A9A86075}.Debug|Any CPU.Build.0 = Debug|Any CPU
		{4133B889-F89B-464A-87A2-A9B6A9A86075}.Release|Any CPU.ActiveCfg = Release|Any CPU
		{4133B889-F89B-464A-87A2-A9B6A9A86075}.Release|Any CPU.Build.0 = Release|Any CPU
		{12FBCDCA-AC7F-434D-8834-0CC8D4D1B1C7}.Debug|Any CPU.ActiveCfg = Debug|Any CPU
		{12FBCDCA-AC7F-434D-8834-0CC8D4D1B1C7}.Debug|Any CPU.Build.0 = Debug|Any CPU
		{12FBCDCA-AC7F-434D-8834-0CC8D4D1B1C7}.Release|Any CPU.ActiveCfg = Release|Any CPU
		{12FBCDCA-AC7F-434D-8834-0CC8D4D1B1C7}.Release|Any CPU.Build.0 = Release|Any CPU
		{A32E17E7-EC2F-4018-B23F-8D529B76EA79}.Debug|Any CPU.ActiveCfg = Debug|Any CPU
		{A32E17E7-EC2F-4018-B23F-8D529B76EA79}.Debug|Any CPU.Build.0 = Debug|Any CPU
		{A32E17E7-EC2F-4018-B23F-8D529B76EA79}.Release|Any CPU.ActiveCfg = Release|Any CPU
		{A32E17E7-EC2F-4018-B23F-8D529B76EA79}.Release|Any CPU.Build.0 = Release|Any CPU
		{40D873CF-BC87-4F01-898C-C2753DA84E55}.Debug|Any CPU.ActiveCfg = Debug|Any CPU
		{40D873CF-BC87-4F01-898C-C2753DA84E55}.Debug|Any CPU.Build.0 = Debug|Any CPU
		{40D873CF-BC87-4F01-898C-C2753DA84E55}.Release|Any CPU.ActiveCfg = Release|Any CPU
		{40D873CF-BC87-4F01-898C-C2753DA84E55}.Release|Any CPU.Build.0 = Release|Any CPU
	EndGlobalSection
	GlobalSection(SolutionProperties) = preSolution
		HideSolutionNode = FALSE
	EndGlobalSection
	GlobalSection(NestedProjects) = preSolution
		{12FBCDCA-AC7F-434D-8834-0CC8D4D1B1C7} = {6F514420-668F-4FE8-80C2-EBBB10A0A19C}
		{A32E17E7-EC2F-4018-B23F-8D529B76EA79} = {3D6F5AB9-36FE-4812-885C-6FBC6A022E1E}
		{6F514420-668F-4FE8-80C2-EBBB10A0A19C} = {DDA8054B-E763-4D24-8EC2-2634264B8FD5}
		{3D6F5AB9-36FE-4812-885C-6FBC6A022E1E} = {DDA8054B-E763-4D24-8EC2-2634264B8FD5}
		{40D873CF-BC87-4F01-898C-C2753DA84E55} = {6F514420-668F-4FE8-80C2-EBBB10A0A19C}
	EndGlobalSection
	GlobalSection(ExtensibilityGlobals) = postSolution
		SolutionGuid = {05959226-3BF2-46BD-9D91-7ACB1B24FBF7}
	EndGlobalSection
EndGlobal
